// !$*UTF8*$!
{
	archiveVersion = 1;
	classes = {
	};
	objectVersion = 46;
	objects = {

/* Begin PBXBuildFile section */
		1D60589F0D05DD5A006BFB54 /* Foundation.framework in Frameworks */ = {isa = PBXBuildFile; fileRef = 1D30AB110D05D00D00671497 /* Foundation.framework */; };
		1DF5F4E00D08C38300B7A737 /* UIKit.framework in Frameworks */ = {isa = PBXBuildFile; fileRef = 1DF5F4DF0D08C38300B7A737 /* UIKit.framework */; };
		288765FD0DF74451002DB57D /* CoreGraphics.framework in Frameworks */ = {isa = PBXBuildFile; fileRef = 288765FC0DF74451002DB57D /* CoreGraphics.framework */; };
		520F53801B23F6D20037190F /* AppDelegate.m in Sources */ = {isa = PBXBuildFile; fileRef = 520F52F91B23F6D10037190F /* AppDelegate.m */; };
		520F53811B23F6D20037190F /* EditViewController.mm in Sources */ = {isa = PBXBuildFile; fileRef = 520F52FB1B23F6D10037190F /* EditViewController.mm */; };
		520F53821B23F6D20037190F /* FCFileManager.m in Sources */ = {isa = PBXBuildFile; fileRef = 520F52FD1B23F6D10037190F /* FCFileManager.m */; };
		520F53831B23F6D20037190F /* FileViewController.mm in Sources */ = {isa = PBXBuildFile; fileRef = 520F52FF1B23F6D10037190F /* FileViewController.mm */; };
		520F53841B23F6D20037190F /* HelpViewController.mm in Sources */ = {isa = PBXBuildFile; fileRef = 520F53011B23F6D20037190F /* HelpViewController.mm */; };
		520F53851B23F6D20037190F /* ICRangeUtils.m in Sources */ = {isa = PBXBuildFile; fileRef = 520F53051B23F6D20037190F /* ICRangeUtils.m */; };
		520F53861B23F6D20037190F /* ICRegularExpression.m in Sources */ = {isa = PBXBuildFile; fileRef = 520F53071B23F6D20037190F /* ICRegularExpression.m */; };
		520F53871B23F6D20037190F /* ICTextView.m in Sources */ = {isa = PBXBuildFile; fileRef = 520F53091B23F6D20037190F /* ICTextView.m */; };
		520F53881B23F6D20037190F /* fiber.c in Sources */ = {isa = PBXBuildFile; fileRef = 520F530C1B23F6D20037190F /* fiber.c */; };
		520F53891B23F6D20037190F /* math.c in Sources */ = {isa = PBXBuildFile; fileRef = 520F530D1B23F6D20037190F /* math.c */; };
		520F538A1B23F6D20037190F /* mrblib.c in Sources */ = {isa = PBXBuildFile; fileRef = 520F53101B23F6D20037190F /* mrblib.c */; };
		520F538B1B23F6D20037190F /* y.tab.c in Sources */ = {isa = PBXBuildFile; fileRef = 520F53111B23F6D20037190F /* y.tab.c */; };
		520F538C1B23F6D20037190F /* lex.def in Resources */ = {isa = PBXBuildFile; fileRef = 520F53131B23F6D20037190F /* lex.def */; };
		520F538D1B23F6D20037190F /* array.c in Sources */ = {isa = PBXBuildFile; fileRef = 520F53301B23F6D20037190F /* array.c */; };
		520F538E1B23F6D20037190F /* backtrace.c in Sources */ = {isa = PBXBuildFile; fileRef = 520F53311B23F6D20037190F /* backtrace.c */; };
		520F538F1B23F6D20037190F /* class.c in Sources */ = {isa = PBXBuildFile; fileRef = 520F53321B23F6D20037190F /* class.c */; };
		520F53901B23F6D20037190F /* codegen.c in Sources */ = {isa = PBXBuildFile; fileRef = 520F53331B23F6D20037190F /* codegen.c */; };
		520F53911B23F6D20037190F /* compar.c in Sources */ = {isa = PBXBuildFile; fileRef = 520F53341B23F6D20037190F /* compar.c */; };
		520F53921B23F6D20037190F /* crc.c in Sources */ = {isa = PBXBuildFile; fileRef = 520F53351B23F6D20037190F /* crc.c */; };
		520F53931B23F6D20037190F /* debug.c in Sources */ = {isa = PBXBuildFile; fileRef = 520F53361B23F6D20037190F /* debug.c */; };
		520F53941B23F6D20037190F /* dump.c in Sources */ = {isa = PBXBuildFile; fileRef = 520F53371B23F6D20037190F /* dump.c */; };
		520F53951B23F6D20037190F /* enum.c in Sources */ = {isa = PBXBuildFile; fileRef = 520F53381B23F6D20037190F /* enum.c */; };
		520F53961B23F6D20037190F /* error.c in Sources */ = {isa = PBXBuildFile; fileRef = 520F53391B23F6D20037190F /* error.c */; };
		520F53971B23F6D20037190F /* etc.c in Sources */ = {isa = PBXBuildFile; fileRef = 520F533B1B23F6D20037190F /* etc.c */; };
		520F53981B23F6D20037190F /* .gitkeep in Resources */ = {isa = PBXBuildFile; fileRef = 520F533D1B23F6D20037190F /* .gitkeep */; };
		520F53991B23F6D20037190F /* gc.c in Sources */ = {isa = PBXBuildFile; fileRef = 520F533E1B23F6D20037190F /* gc.c */; };
		520F539A1B23F6D20037190F /* hash.c in Sources */ = {isa = PBXBuildFile; fileRef = 520F533F1B23F6D20037190F /* hash.c */; };
		520F539B1B23F6D20037190F /* init.c in Sources */ = {isa = PBXBuildFile; fileRef = 520F53401B23F6D20037190F /* init.c */; };
		520F539C1B23F6D20037190F /* kernel.c in Sources */ = {isa = PBXBuildFile; fileRef = 520F53411B23F6D20037190F /* kernel.c */; };
		520F539D1B23F6D20037190F /* keywords in Resources */ = {isa = PBXBuildFile; fileRef = 520F53421B23F6D20037190F /* keywords */; };
		520F539E1B23F6D20037190F /* load.c in Sources */ = {isa = PBXBuildFile; fileRef = 520F53431B23F6D20037190F /* load.c */; };
		520F539F1B23F6D20037190F /* mruby_core.rake in Resources */ = {isa = PBXBuildFile; fileRef = 520F53451B23F6D20037190F /* mruby_core.rake */; };
		520F53A01B23F6D20037190F /* numeric.c in Sources */ = {isa = PBXBuildFile; fileRef = 520F53471B23F6D20037190F /* numeric.c */; };
		520F53A11B23F6D20037190F /* object.c in Sources */ = {isa = PBXBuildFile; fileRef = 520F53481B23F6D20037190F /* object.c */; };
		520F53A21B23F6D20037190F /* pool.c in Sources */ = {isa = PBXBuildFile; fileRef = 520F534A1B23F6D20037190F /* pool.c */; };
		520F53A31B23F6D20037190F /* print.c in Sources */ = {isa = PBXBuildFile; fileRef = 520F534B1B23F6D20037190F /* print.c */; };
		520F53A41B23F6D20037190F /* proc.c in Sources */ = {isa = PBXBuildFile; fileRef = 520F534C1B23F6D20037190F /* proc.c */; };
		520F53A51B23F6D20037190F /* range.c in Sources */ = {isa = PBXBuildFile; fileRef = 520F534D1B23F6D20037190F /* range.c */; };
		520F53A61B23F6D20037190F /* state.c in Sources */ = {isa = PBXBuildFile; fileRef = 520F534E1B23F6D20037190F /* state.c */; };
		520F53A71B23F6D20037190F /* string.c in Sources */ = {isa = PBXBuildFile; fileRef = 520F534F1B23F6D20037190F /* string.c */; };
		520F53A81B23F6D20037190F /* symbol.c in Sources */ = {isa = PBXBuildFile; fileRef = 520F53501B23F6D20037190F /* symbol.c */; };
		520F53A91B23F6D20037190F /* variable.c in Sources */ = {isa = PBXBuildFile; fileRef = 520F53521B23F6D20037190F /* variable.c */; };
		520F53AA1B23F6D20037190F /* version.c in Sources */ = {isa = PBXBuildFile; fileRef = 520F53531B23F6D20037190F /* version.c */; };
		520F53AB1B23F6D20037190F /* vm.c in Sources */ = {isa = PBXBuildFile; fileRef = 520F53541B23F6D20037190F /* vm.c */; };
		520F53AF1B23F6D20037190F /* RubyHighlightingTextStorage.m in Sources */ = {isa = PBXBuildFile; fileRef = 520F535C1B23F6D20037190F /* RubyHighlightingTextStorage.m */; };
		520F53B01B23F6D20037190F /* Bind.cpp in Sources */ = {isa = PBXBuildFile; fileRef = 520F535E1B23F6D20037190F /* Bind.cpp */; };
		520F53B11B23F6D20037190F /* BindApplication.cpp in Sources */ = {isa = PBXBuildFile; fileRef = 520F53601B23F6D20037190F /* BindApplication.cpp */; };
		520F53B21B23F6D20037190F /* BindColor.cpp in Sources */ = {isa = PBXBuildFile; fileRef = 520F53611B23F6D20037190F /* BindColor.cpp */; };
		520F53B31B23F6D20037190F /* BindGraphics.cpp in Sources */ = {isa = PBXBuildFile; fileRef = 520F53631B23F6D20037190F /* BindGraphics.cpp */; };
		520F53B41B23F6D20037190F /* BindImage.mm in Sources */ = {isa = PBXBuildFile; fileRef = 520F53651B23F6D20037190F /* BindImage.mm */; };
		520F53B51B23F6D20037190F /* BindInput.cpp in Sources */ = {isa = PBXBuildFile; fileRef = 520F53661B23F6D20037190F /* BindInput.cpp */; };
		520F53B61B23F6D20037190F /* BindMath.cpp in Sources */ = {isa = PBXBuildFile; fileRef = 520F53681B23F6D20037190F /* BindMath.cpp */; };
		520F53B71B23F6D20037190F /* BindTouchPoint.cpp in Sources */ = {isa = PBXBuildFile; fileRef = 520F53691B23F6D20037190F /* BindTouchPoint.cpp */; };
		520F53B81B23F6D20037190F /* Input.cpp in Sources */ = {isa = PBXBuildFile; fileRef = 520F536B1B23F6D20037190F /* Input.cpp */; };
		520F53B91B23F6D20037190F /* Mouse.cpp in Sources */ = {isa = PBXBuildFile; fileRef = 520F536D1B23F6D20037190F /* Mouse.cpp */; };
		520F53BA1B23F6D20037190F /* of_application.mrubin in Resources */ = {isa = PBXBuildFile; fileRef = 520F536F1B23F6D20037190F /* of_application.mrubin */; };
		520F53BB1B23F6D20037190F /* of_graphics.mrubin in Resources */ = {isa = PBXBuildFile; fileRef = 520F53701B23F6D20037190F /* of_graphics.mrubin */; };
		520F53BC1B23F6D20037190F /* of_math.mrubin in Resources */ = {isa = PBXBuildFile; fileRef = 520F53711B23F6D20037190F /* of_math.mrubin */; };
		520F53BD1B23F6D20037190F /* ScriptEngine.cpp in Sources */ = {isa = PBXBuildFile; fileRef = 520F53721B23F6D20037190F /* ScriptEngine.cpp */; };
		520F53BE1B23F6D20037190F /* Touch.cpp in Sources */ = {isa = PBXBuildFile; fileRef = 520F53741B23F6D20037190F /* Touch.cpp */; };
		520F53BF1B23F6D20037190F /* touch_point.mrubin in Resources */ = {isa = PBXBuildFile; fileRef = 520F53761B23F6D20037190F /* touch_point.mrubin */; };
		520F53C01B23F6D20037190F /* SampleViewController.mm in Sources */ = {isa = PBXBuildFile; fileRef = 520F53791B23F6D20037190F /* SampleViewController.mm */; };
		520F53C11B23F6D20037190F /* ScriptApp.mm in Sources */ = {isa = PBXBuildFile; fileRef = 520F537B1B23F6D20037190F /* ScriptApp.mm */; };
		520F53C21B23F6D20037190F /* ScriptController.mm in Sources */ = {isa = PBXBuildFile; fileRef = 520F537D1B23F6D20037190F /* ScriptController.mm */; };
		520F53C31B23F6D20037190F /* SelectViewController.mm in Sources */ = {isa = PBXBuildFile; fileRef = 520F537F1B23F6D20037190F /* SelectViewController.mm */; };
		520F53C61B2405800037190F /* main.mm in Sources */ = {isa = PBXBuildFile; fileRef = 520F53C51B2405800037190F /* main.mm */; };
		5326AEA810A23A0500278DE6 /* CoreLocation.framework in Frameworks */ = {isa = PBXBuildFile; fileRef = 5326AEA710A23A0500278DE6 /* CoreLocation.framework */; };
		53F323EB10A20EDB00E0DAE4 /* OpenAL.framework in Frameworks */ = {isa = PBXBuildFile; fileRef = 53F323EA10A20EDB00E0DAE4 /* OpenAL.framework */; };
		678E130817951530005B6D19 /* Icon@2x.png in Resources */ = {isa = PBXBuildFile; fileRef = 678E130717951530005B6D19 /* Icon@2x.png */; };
		678E130A17951536005B6D19 /* Icon.png in Resources */ = {isa = PBXBuildFile; fileRef = 678E130917951536005B6D19 /* Icon.png */; };
		678E130C1795153C005B6D19 /* Default.png in Resources */ = {isa = PBXBuildFile; fileRef = 678E130B1795153C005B6D19 /* Default.png */; };
		678E130E17951540005B6D19 /* Default@2x.png in Resources */ = {isa = PBXBuildFile; fileRef = 678E130D17951540005B6D19 /* Default@2x.png */; };
		678E131017951549005B6D19 /* Default-568h@2x~iphone.png in Resources */ = {isa = PBXBuildFile; fileRef = 678E130F17951549005B6D19 /* Default-568h@2x~iphone.png */; };
		67DFA53619F92A69003B3434 /* Accelerate.framework in Frameworks */ = {isa = PBXBuildFile; fileRef = 67DFA53419F92A5E003B3434 /* Accelerate.framework */; };
		BB16EBD20F2B2A9500518274 /* OpenGLES.framework in Frameworks */ = {isa = PBXBuildFile; fileRef = BB16EBD10F2B2A9500518274 /* OpenGLES.framework */; };
		BB16EBD90F2B2AB500518274 /* QuartzCore.framework in Frameworks */ = {isa = PBXBuildFile; fileRef = BB16EBD80F2B2AB500518274 /* QuartzCore.framework */; };
		BBE5EAB80F49AD8400F28951 /* AudioToolbox.framework in Frameworks */ = {isa = PBXBuildFile; fileRef = BBE5EAB70F49AD8400F28951 /* AudioToolbox.framework */; };
		E41D400B13B39D2100A75A5D /* AVFoundation.framework in Frameworks */ = {isa = PBXBuildFile; fileRef = E41D400613B39D2100A75A5D /* AVFoundation.framework */; };
		E41D400C13B39D2100A75A5D /* CoreMedia.framework in Frameworks */ = {isa = PBXBuildFile; fileRef = E41D400713B39D2100A75A5D /* CoreMedia.framework */; };
		E41D400D13B39D2100A75A5D /* CoreVideo.framework in Frameworks */ = {isa = PBXBuildFile; fileRef = E41D400813B39D2100A75A5D /* CoreVideo.framework */; };
		E41D400E13B39D2100A75A5D /* MapKit.framework in Frameworks */ = {isa = PBXBuildFile; fileRef = E41D400913B39D2100A75A5D /* MapKit.framework */; };
		E41D421413B3A95300A75A5D /* libofxiOS_iphoneos_Debug.a in Frameworks */ = {isa = PBXBuildFile; fileRef = E41D410213B3A0D800A75A5D /* libofxiOS_iphoneos_Debug.a */; };
/* End PBXBuildFile section */

/* Begin PBXContainerItemProxy section */
		E41D410113B3A0D800A75A5D /* PBXContainerItemProxy */ = {
			isa = PBXContainerItemProxy;
			containerPortal = E41D40FD13B3A0D800A75A5D /* iOS+OFLib.xcodeproj */;
			proxyType = 2;
			remoteGlobalIDString = BB24DED610DA7A3F00E9C588;
			remoteInfo = "iPhone+OF Static Library";
		};
		E41D410313B3A11300A75A5D /* PBXContainerItemProxy */ = {
			isa = PBXContainerItemProxy;
			containerPortal = E41D40FD13B3A0D800A75A5D /* iOS+OFLib.xcodeproj */;
			proxyType = 1;
			remoteGlobalIDString = BB24DE5C10DA7A3F00E9C588;
			remoteInfo = "iPhone+OF Static Library";
		};
/* End PBXContainerItemProxy section */

/* Begin PBXFileReference section */
		1D30AB110D05D00D00671497 /* Foundation.framework */ = {isa = PBXFileReference; lastKnownFileType = wrapper.framework; name = Foundation.framework; path = System/Library/Frameworks/Foundation.framework; sourceTree = SDKROOT; };
		1D6058910D05DD3D006BFB54 /* ofruby.app */ = {isa = PBXFileReference; explicitFileType = wrapper.application; includeInIndex = 0; path = ofruby.app; sourceTree = BUILT_PRODUCTS_DIR; };
		1DF5F4DF0D08C38300B7A737 /* UIKit.framework */ = {isa = PBXFileReference; lastKnownFileType = wrapper.framework; name = UIKit.framework; path = System/Library/Frameworks/UIKit.framework; sourceTree = SDKROOT; };
		288765FC0DF74451002DB57D /* CoreGraphics.framework */ = {isa = PBXFileReference; lastKnownFileType = wrapper.framework; name = CoreGraphics.framework; path = System/Library/Frameworks/CoreGraphics.framework; sourceTree = SDKROOT; };
		32CA4F630368D1EE00C91783 /* ofxiOS_Prefix.pch */ = {isa = PBXFileReference; fileEncoding = 4; lastKnownFileType = sourcecode.c.h; path = ofxiOS_Prefix.pch; sourceTree = "<group>"; };
		520F52F81B23F6D10037190F /* AppDelegate.h */ = {isa = PBXFileReference; fileEncoding = 4; lastKnownFileType = sourcecode.c.h; path = AppDelegate.h; sourceTree = "<group>"; };
		520F52F91B23F6D10037190F /* AppDelegate.m */ = {isa = PBXFileReference; fileEncoding = 4; lastKnownFileType = sourcecode.c.objc; path = AppDelegate.m; sourceTree = "<group>"; };
		520F52FA1B23F6D10037190F /* EditViewController.h */ = {isa = PBXFileReference; fileEncoding = 4; lastKnownFileType = sourcecode.c.h; path = EditViewController.h; sourceTree = "<group>"; };
		520F52FB1B23F6D10037190F /* EditViewController.mm */ = {isa = PBXFileReference; fileEncoding = 4; lastKnownFileType = sourcecode.cpp.objcpp; path = EditViewController.mm; sourceTree = "<group>"; };
		520F52FC1B23F6D10037190F /* FCFileManager.h */ = {isa = PBXFileReference; fileEncoding = 4; lastKnownFileType = sourcecode.c.h; path = FCFileManager.h; sourceTree = "<group>"; };
		520F52FD1B23F6D10037190F /* FCFileManager.m */ = {isa = PBXFileReference; fileEncoding = 4; lastKnownFileType = sourcecode.c.objc; path = FCFileManager.m; sourceTree = "<group>"; };
		520F52FE1B23F6D10037190F /* FileViewController.h */ = {isa = PBXFileReference; fileEncoding = 4; lastKnownFileType = sourcecode.c.h; path = FileViewController.h; sourceTree = "<group>"; };
		520F52FF1B23F6D10037190F /* FileViewController.mm */ = {isa = PBXFileReference; fileEncoding = 4; lastKnownFileType = sourcecode.cpp.objcpp; path = FileViewController.mm; sourceTree = "<group>"; };
		520F53001B23F6D10037190F /* HelpViewController.h */ = {isa = PBXFileReference; fileEncoding = 4; lastKnownFileType = sourcecode.c.h; path = HelpViewController.h; sourceTree = "<group>"; };
		520F53011B23F6D20037190F /* HelpViewController.mm */ = {isa = PBXFileReference; fileEncoding = 4; lastKnownFileType = sourcecode.cpp.objcpp; path = HelpViewController.mm; sourceTree = "<group>"; };
		520F53031B23F6D20037190F /* ICPreprocessor.h */ = {isa = PBXFileReference; fileEncoding = 4; lastKnownFileType = sourcecode.c.h; path = ICPreprocessor.h; sourceTree = "<group>"; };
		520F53041B23F6D20037190F /* ICRangeUtils.h */ = {isa = PBXFileReference; fileEncoding = 4; lastKnownFileType = sourcecode.c.h; path = ICRangeUtils.h; sourceTree = "<group>"; };
		520F53051B23F6D20037190F /* ICRangeUtils.m */ = {isa = PBXFileReference; fileEncoding = 4; lastKnownFileType = sourcecode.c.objc; path = ICRangeUtils.m; sourceTree = "<group>"; };
		520F53061B23F6D20037190F /* ICRegularExpression.h */ = {isa = PBXFileReference; fileEncoding = 4; lastKnownFileType = sourcecode.c.h; path = ICRegularExpression.h; sourceTree = "<group>"; };
		520F53071B23F6D20037190F /* ICRegularExpression.m */ = {isa = PBXFileReference; fileEncoding = 4; lastKnownFileType = sourcecode.c.objc; path = ICRegularExpression.m; sourceTree = "<group>"; };
		520F53081B23F6D20037190F /* ICTextView.h */ = {isa = PBXFileReference; fileEncoding = 4; lastKnownFileType = sourcecode.c.h; path = ICTextView.h; sourceTree = "<group>"; };
		520F53091B23F6D20037190F /* ICTextView.m */ = {isa = PBXFileReference; fileEncoding = 4; lastKnownFileType = sourcecode.c.objc; path = ICTextView.m; sourceTree = "<group>"; };
		520F530C1B23F6D20037190F /* fiber.c */ = {isa = PBXFileReference; fileEncoding = 4; lastKnownFileType = sourcecode.c.c; path = fiber.c; sourceTree = "<group>"; };
		520F530D1B23F6D20037190F /* math.c */ = {isa = PBXFileReference; fileEncoding = 4; lastKnownFileType = sourcecode.c.c; path = math.c; sourceTree = "<group>"; };
		520F53101B23F6D20037190F /* mrblib.c */ = {isa = PBXFileReference; fileEncoding = 4; lastKnownFileType = sourcecode.c.c; path = mrblib.c; sourceTree = "<group>"; };
		520F53111B23F6D20037190F /* y.tab.c */ = {isa = PBXFileReference; fileEncoding = 4; lastKnownFileType = sourcecode.c.c; path = y.tab.c; sourceTree = "<group>"; };
		520F53131B23F6D20037190F /* lex.def */ = {isa = PBXFileReference; fileEncoding = 4; lastKnownFileType = text; path = lex.def; sourceTree = "<group>"; };
		520F53141B23F6D20037190F /* mrbconf.h */ = {isa = PBXFileReference; fileEncoding = 4; lastKnownFileType = sourcecode.c.h; path = mrbconf.h; sourceTree = "<group>"; };
		520F53161B23F6D20037190F /* array.h */ = {isa = PBXFileReference; fileEncoding = 4; lastKnownFileType = sourcecode.c.h; path = array.h; sourceTree = "<group>"; };
		520F53171B23F6D20037190F /* boxing_nan.h */ = {isa = PBXFileReference; fileEncoding = 4; lastKnownFileType = sourcecode.c.h; path = boxing_nan.h; sourceTree = "<group>"; };
		520F53181B23F6D20037190F /* boxing_no.h */ = {isa = PBXFileReference; fileEncoding = 4; lastKnownFileType = sourcecode.c.h; path = boxing_no.h; sourceTree = "<group>"; };
		520F53191B23F6D20037190F /* boxing_word.h */ = {isa = PBXFileReference; fileEncoding = 4; lastKnownFileType = sourcecode.c.h; path = boxing_word.h; sourceTree = "<group>"; };
		520F531A1B23F6D20037190F /* class.h */ = {isa = PBXFileReference; fileEncoding = 4; lastKnownFileType = sourcecode.c.h; path = class.h; sourceTree = "<group>"; };
		520F531B1B23F6D20037190F /* compile.h */ = {isa = PBXFileReference; fileEncoding = 4; lastKnownFileType = sourcecode.c.h; path = compile.h; sourceTree = "<group>"; };
		520F531C1B23F6D20037190F /* data.h */ = {isa = PBXFileReference; fileEncoding = 4; lastKnownFileType = sourcecode.c.h; path = data.h; sourceTree = "<group>"; };
		520F531D1B23F6D20037190F /* debug.h */ = {isa = PBXFileReference; fileEncoding = 4; lastKnownFileType = sourcecode.c.h; path = debug.h; sourceTree = "<group>"; };
		520F531E1B23F6D20037190F /* dump.h */ = {isa = PBXFileReference; fileEncoding = 4; lastKnownFileType = sourcecode.c.h; path = dump.h; sourceTree = "<group>"; };
		520F531F1B23F6D20037190F /* error.h */ = {isa = PBXFileReference; fileEncoding = 4; lastKnownFileType = sourcecode.c.h; path = error.h; sourceTree = "<group>"; };
		520F53201B23F6D20037190F /* gc.h */ = {isa = PBXFileReference; fileEncoding = 4; lastKnownFileType = sourcecode.c.h; path = gc.h; sourceTree = "<group>"; };
		520F53211B23F6D20037190F /* hash.h */ = {isa = PBXFileReference; fileEncoding = 4; lastKnownFileType = sourcecode.c.h; path = hash.h; sourceTree = "<group>"; };
		520F53221B23F6D20037190F /* irep.h */ = {isa = PBXFileReference; fileEncoding = 4; lastKnownFileType = sourcecode.c.h; path = irep.h; sourceTree = "<group>"; };
		520F53231B23F6D20037190F /* khash.h */ = {isa = PBXFileReference; fileEncoding = 4; lastKnownFileType = sourcecode.c.h; path = khash.h; sourceTree = "<group>"; };
		520F53241B23F6D20037190F /* numeric.h */ = {isa = PBXFileReference; fileEncoding = 4; lastKnownFileType = sourcecode.c.h; path = numeric.h; sourceTree = "<group>"; };
		520F53251B23F6D20037190F /* object.h */ = {isa = PBXFileReference; fileEncoding = 4; lastKnownFileType = sourcecode.c.h; path = object.h; sourceTree = "<group>"; };
		520F53261B23F6D20037190F /* opcode.h */ = {isa = PBXFileReference; fileEncoding = 4; lastKnownFileType = sourcecode.c.h; path = opcode.h; sourceTree = "<group>"; };
		520F53271B23F6D20037190F /* proc.h */ = {isa = PBXFileReference; fileEncoding = 4; lastKnownFileType = sourcecode.c.h; path = proc.h; sourceTree = "<group>"; };
		520F53281B23F6D20037190F /* range.h */ = {isa = PBXFileReference; fileEncoding = 4; lastKnownFileType = sourcecode.c.h; path = range.h; sourceTree = "<group>"; };
		520F53291B23F6D20037190F /* re.h */ = {isa = PBXFileReference; fileEncoding = 4; lastKnownFileType = sourcecode.c.h; path = re.h; sourceTree = "<group>"; };
		520F532A1B23F6D20037190F /* string.h */ = {isa = PBXFileReference; fileEncoding = 4; lastKnownFileType = sourcecode.c.h; path = string.h; sourceTree = "<group>"; };
		520F532B1B23F6D20037190F /* value.h */ = {isa = PBXFileReference; fileEncoding = 4; lastKnownFileType = sourcecode.c.h; path = value.h; sourceTree = "<group>"; };
		520F532C1B23F6D20037190F /* variable.h */ = {isa = PBXFileReference; fileEncoding = 4; lastKnownFileType = sourcecode.c.h; path = variable.h; sourceTree = "<group>"; };
		520F532D1B23F6D20037190F /* version.h */ = {isa = PBXFileReference; fileEncoding = 4; lastKnownFileType = sourcecode.c.h; path = version.h; sourceTree = "<group>"; };
		520F532E1B23F6D20037190F /* mruby.h */ = {isa = PBXFileReference; fileEncoding = 4; lastKnownFileType = sourcecode.c.h; path = mruby.h; sourceTree = "<group>"; };
		520F53301B23F6D20037190F /* array.c */ = {isa = PBXFileReference; fileEncoding = 4; lastKnownFileType = sourcecode.c.c; path = array.c; sourceTree = "<group>"; };
		520F53311B23F6D20037190F /* backtrace.c */ = {isa = PBXFileReference; fileEncoding = 4; lastKnownFileType = sourcecode.c.c; path = backtrace.c; sourceTree = "<group>"; };
		520F53321B23F6D20037190F /* class.c */ = {isa = PBXFileReference; fileEncoding = 4; lastKnownFileType = sourcecode.c.c; path = class.c; sourceTree = "<group>"; };
		520F53331B23F6D20037190F /* codegen.c */ = {isa = PBXFileReference; fileEncoding = 4; lastKnownFileType = sourcecode.c.c; path = codegen.c; sourceTree = "<group>"; };
		520F53341B23F6D20037190F /* compar.c */ = {isa = PBXFileReference; fileEncoding = 4; lastKnownFileType = sourcecode.c.c; path = compar.c; sourceTree = "<group>"; };
		520F53351B23F6D20037190F /* crc.c */ = {isa = PBXFileReference; fileEncoding = 4; lastKnownFileType = sourcecode.c.c; path = crc.c; sourceTree = "<group>"; };
		520F53361B23F6D20037190F /* debug.c */ = {isa = PBXFileReference; fileEncoding = 4; lastKnownFileType = sourcecode.c.c; path = debug.c; sourceTree = "<group>"; };
		520F53371B23F6D20037190F /* dump.c */ = {isa = PBXFileReference; fileEncoding = 4; lastKnownFileType = sourcecode.c.c; path = dump.c; sourceTree = "<group>"; };
		520F53381B23F6D20037190F /* enum.c */ = {isa = PBXFileReference; fileEncoding = 4; lastKnownFileType = sourcecode.c.c; path = enum.c; sourceTree = "<group>"; };
		520F53391B23F6D20037190F /* error.c */ = {isa = PBXFileReference; fileEncoding = 4; lastKnownFileType = sourcecode.c.c; path = error.c; sourceTree = "<group>"; };
		520F533A1B23F6D20037190F /* error.h */ = {isa = PBXFileReference; fileEncoding = 4; lastKnownFileType = sourcecode.c.h; path = error.h; sourceTree = "<group>"; };
		520F533B1B23F6D20037190F /* etc.c */ = {isa = PBXFileReference; fileEncoding = 4; lastKnownFileType = sourcecode.c.c; path = etc.c; sourceTree = "<group>"; };
		520F533D1B23F6D20037190F /* .gitkeep */ = {isa = PBXFileReference; fileEncoding = 4; lastKnownFileType = text; path = .gitkeep; sourceTree = "<group>"; };
		520F533E1B23F6D20037190F /* gc.c */ = {isa = PBXFileReference; fileEncoding = 4; lastKnownFileType = sourcecode.c.c; path = gc.c; sourceTree = "<group>"; };
		520F533F1B23F6D20037190F /* hash.c */ = {isa = PBXFileReference; fileEncoding = 4; lastKnownFileType = sourcecode.c.c; path = hash.c; sourceTree = "<group>"; };
		520F53401B23F6D20037190F /* init.c */ = {isa = PBXFileReference; fileEncoding = 4; lastKnownFileType = sourcecode.c.c; path = init.c; sourceTree = "<group>"; };
		520F53411B23F6D20037190F /* kernel.c */ = {isa = PBXFileReference; fileEncoding = 4; lastKnownFileType = sourcecode.c.c; path = kernel.c; sourceTree = "<group>"; };
		520F53421B23F6D20037190F /* keywords */ = {isa = PBXFileReference; fileEncoding = 4; lastKnownFileType = text; path = keywords; sourceTree = "<group>"; };
		520F53431B23F6D20037190F /* load.c */ = {isa = PBXFileReference; fileEncoding = 4; lastKnownFileType = sourcecode.c.c; path = load.c; sourceTree = "<group>"; };
		520F53441B23F6D20037190F /* mrb_throw.h */ = {isa = PBXFileReference; fileEncoding = 4; lastKnownFileType = sourcecode.c.h; path = mrb_throw.h; sourceTree = "<group>"; };
		520F53451B23F6D20037190F /* mruby_core.rake */ = {isa = PBXFileReference; fileEncoding = 4; lastKnownFileType = text; path = mruby_core.rake; sourceTree = "<group>"; };
		520F53461B23F6D20037190F /* node.h */ = {isa = PBXFileReference; fileEncoding = 4; lastKnownFileType = sourcecode.c.h; path = node.h; sourceTree = "<group>"; };
		520F53471B23F6D20037190F /* numeric.c */ = {isa = PBXFileReference; fileEncoding = 4; lastKnownFileType = sourcecode.c.c; path = numeric.c; sourceTree = "<group>"; };
		520F53481B23F6D20037190F /* object.c */ = {isa = PBXFileReference; fileEncoding = 4; lastKnownFileType = sourcecode.c.c; path = object.c; sourceTree = "<group>"; };
		520F53491B23F6D20037190F /* opcode.h */ = {isa = PBXFileReference; fileEncoding = 4; lastKnownFileType = sourcecode.c.h; path = opcode.h; sourceTree = "<group>"; };
		520F534A1B23F6D20037190F /* pool.c */ = {isa = PBXFileReference; fileEncoding = 4; lastKnownFileType = sourcecode.c.c; path = pool.c; sourceTree = "<group>"; };
		520F534B1B23F6D20037190F /* print.c */ = {isa = PBXFileReference; fileEncoding = 4; lastKnownFileType = sourcecode.c.c; path = print.c; sourceTree = "<group>"; };
		520F534C1B23F6D20037190F /* proc.c */ = {isa = PBXFileReference; fileEncoding = 4; lastKnownFileType = sourcecode.c.c; path = proc.c; sourceTree = "<group>"; };
		520F534D1B23F6D20037190F /* range.c */ = {isa = PBXFileReference; fileEncoding = 4; lastKnownFileType = sourcecode.c.c; path = range.c; sourceTree = "<group>"; };
		520F534E1B23F6D20037190F /* state.c */ = {isa = PBXFileReference; fileEncoding = 4; lastKnownFileType = sourcecode.c.c; path = state.c; sourceTree = "<group>"; };
		520F534F1B23F6D20037190F /* string.c */ = {isa = PBXFileReference; fileEncoding = 4; lastKnownFileType = sourcecode.c.c; path = string.c; sourceTree = "<group>"; };
		520F53501B23F6D20037190F /* symbol.c */ = {isa = PBXFileReference; fileEncoding = 4; lastKnownFileType = sourcecode.c.c; path = symbol.c; sourceTree = "<group>"; };
		520F53511B23F6D20037190F /* value_array.h */ = {isa = PBXFileReference; fileEncoding = 4; lastKnownFileType = sourcecode.c.h; path = value_array.h; sourceTree = "<group>"; };
		520F53521B23F6D20037190F /* variable.c */ = {isa = PBXFileReference; fileEncoding = 4; lastKnownFileType = sourcecode.c.c; path = variable.c; sourceTree = "<group>"; };
		520F53531B23F6D20037190F /* version.c */ = {isa = PBXFileReference; fileEncoding = 4; lastKnownFileType = sourcecode.c.c; path = version.c; sourceTree = "<group>"; };
		520F53541B23F6D20037190F /* vm.c */ = {isa = PBXFileReference; fileEncoding = 4; lastKnownFileType = sourcecode.c.c; path = vm.c; sourceTree = "<group>"; };
		520F535B1B23F6D20037190F /* RubyHighlightingTextStorage.h */ = {isa = PBXFileReference; fileEncoding = 4; lastKnownFileType = sourcecode.c.h; path = RubyHighlightingTextStorage.h; sourceTree = "<group>"; };
		520F535C1B23F6D20037190F /* RubyHighlightingTextStorage.m */ = {isa = PBXFileReference; fileEncoding = 4; lastKnownFileType = sourcecode.c.objc; path = RubyHighlightingTextStorage.m; sourceTree = "<group>"; };
		520F535E1B23F6D20037190F /* Bind.cpp */ = {isa = PBXFileReference; fileEncoding = 4; lastKnownFileType = sourcecode.cpp.cpp; path = Bind.cpp; sourceTree = "<group>"; };
		520F535F1B23F6D20037190F /* Bind.hpp */ = {isa = PBXFileReference; fileEncoding = 4; lastKnownFileType = sourcecode.cpp.h; path = Bind.hpp; sourceTree = "<group>"; };
		520F53601B23F6D20037190F /* BindApplication.cpp */ = {isa = PBXFileReference; fileEncoding = 4; lastKnownFileType = sourcecode.cpp.cpp; path = BindApplication.cpp; sourceTree = "<group>"; };
		520F53611B23F6D20037190F /* BindColor.cpp */ = {isa = PBXFileReference; fileEncoding = 4; lastKnownFileType = sourcecode.cpp.cpp; path = BindColor.cpp; sourceTree = "<group>"; };
		520F53621B23F6D20037190F /* BindColor.hpp */ = {isa = PBXFileReference; fileEncoding = 4; lastKnownFileType = sourcecode.cpp.h; path = BindColor.hpp; sourceTree = "<group>"; };
		520F53631B23F6D20037190F /* BindGraphics.cpp */ = {isa = PBXFileReference; fileEncoding = 4; lastKnownFileType = sourcecode.cpp.cpp; path = BindGraphics.cpp; sourceTree = "<group>"; };
		520F53641B23F6D20037190F /* BindImage.hpp */ = {isa = PBXFileReference; fileEncoding = 4; lastKnownFileType = sourcecode.cpp.h; path = BindImage.hpp; sourceTree = "<group>"; };
		520F53651B23F6D20037190F /* BindImage.mm */ = {isa = PBXFileReference; fileEncoding = 4; lastKnownFileType = sourcecode.cpp.objcpp; path = BindImage.mm; sourceTree = "<group>"; };
		520F53661B23F6D20037190F /* BindInput.cpp */ = {isa = PBXFileReference; fileEncoding = 4; lastKnownFileType = sourcecode.cpp.cpp; path = BindInput.cpp; sourceTree = "<group>"; };
		520F53671B23F6D20037190F /* BindInput.hpp */ = {isa = PBXFileReference; fileEncoding = 4; lastKnownFileType = sourcecode.cpp.h; path = BindInput.hpp; sourceTree = "<group>"; };
		520F53681B23F6D20037190F /* BindMath.cpp */ = {isa = PBXFileReference; fileEncoding = 4; lastKnownFileType = sourcecode.cpp.cpp; path = BindMath.cpp; sourceTree = "<group>"; };
		520F53691B23F6D20037190F /* BindTouchPoint.cpp */ = {isa = PBXFileReference; fileEncoding = 4; lastKnownFileType = sourcecode.cpp.cpp; path = BindTouchPoint.cpp; sourceTree = "<group>"; };
		520F536A1B23F6D20037190F /* BindTouchPoint.hpp */ = {isa = PBXFileReference; fileEncoding = 4; lastKnownFileType = sourcecode.cpp.h; path = BindTouchPoint.hpp; sourceTree = "<group>"; };
		520F536B1B23F6D20037190F /* Input.cpp */ = {isa = PBXFileReference; fileEncoding = 4; lastKnownFileType = sourcecode.cpp.cpp; path = Input.cpp; sourceTree = "<group>"; };
		520F536C1B23F6D20037190F /* Input.hpp */ = {isa = PBXFileReference; fileEncoding = 4; lastKnownFileType = sourcecode.cpp.h; path = Input.hpp; sourceTree = "<group>"; };
		520F536D1B23F6D20037190F /* Mouse.cpp */ = {isa = PBXFileReference; fileEncoding = 4; lastKnownFileType = sourcecode.cpp.cpp; path = Mouse.cpp; sourceTree = "<group>"; };
		520F536E1B23F6D20037190F /* Mouse.hpp */ = {isa = PBXFileReference; fileEncoding = 4; lastKnownFileType = sourcecode.cpp.h; path = Mouse.hpp; sourceTree = "<group>"; };
		520F536F1B23F6D20037190F /* of_application.mrubin */ = {isa = PBXFileReference; fileEncoding = 4; lastKnownFileType = text; path = of_application.mrubin; sourceTree = "<group>"; };
		520F53701B23F6D20037190F /* of_graphics.mrubin */ = {isa = PBXFileReference; fileEncoding = 4; lastKnownFileType = text; path = of_graphics.mrubin; sourceTree = "<group>"; };
		520F53711B23F6D20037190F /* of_math.mrubin */ = {isa = PBXFileReference; fileEncoding = 4; lastKnownFileType = text; path = of_math.mrubin; sourceTree = "<group>"; };
		520F53721B23F6D20037190F /* ScriptEngine.cpp */ = {isa = PBXFileReference; fileEncoding = 4; lastKnownFileType = sourcecode.cpp.cpp; path = ScriptEngine.cpp; sourceTree = "<group>"; };
		520F53731B23F6D20037190F /* ScriptEngine.hpp */ = {isa = PBXFileReference; fileEncoding = 4; lastKnownFileType = sourcecode.cpp.h; path = ScriptEngine.hpp; sourceTree = "<group>"; };
		520F53741B23F6D20037190F /* Touch.cpp */ = {isa = PBXFileReference; fileEncoding = 4; lastKnownFileType = sourcecode.cpp.cpp; path = Touch.cpp; sourceTree = "<group>"; };
		520F53751B23F6D20037190F /* Touch.hpp */ = {isa = PBXFileReference; fileEncoding = 4; lastKnownFileType = sourcecode.cpp.h; path = Touch.hpp; sourceTree = "<group>"; };
		520F53761B23F6D20037190F /* touch_point.mrubin */ = {isa = PBXFileReference; fileEncoding = 4; lastKnownFileType = text; path = touch_point.mrubin; sourceTree = "<group>"; };
		520F53771B23F6D20037190F /* TouchPoint.hpp */ = {isa = PBXFileReference; fileEncoding = 4; lastKnownFileType = sourcecode.cpp.h; path = TouchPoint.hpp; sourceTree = "<group>"; };
		520F53781B23F6D20037190F /* SampleViewController.h */ = {isa = PBXFileReference; fileEncoding = 4; lastKnownFileType = sourcecode.c.h; path = SampleViewController.h; sourceTree = "<group>"; };
		520F53791B23F6D20037190F /* SampleViewController.mm */ = {isa = PBXFileReference; fileEncoding = 4; lastKnownFileType = sourcecode.cpp.objcpp; path = SampleViewController.mm; sourceTree = "<group>"; };
		520F537A1B23F6D20037190F /* ScriptApp.h */ = {isa = PBXFileReference; fileEncoding = 4; lastKnownFileType = sourcecode.c.h; path = ScriptApp.h; sourceTree = "<group>"; };
		520F537B1B23F6D20037190F /* ScriptApp.mm */ = {isa = PBXFileReference; fileEncoding = 4; lastKnownFileType = sourcecode.cpp.objcpp; path = ScriptApp.mm; sourceTree = "<group>"; };
		520F537C1B23F6D20037190F /* ScriptController.h */ = {isa = PBXFileReference; fileEncoding = 4; lastKnownFileType = sourcecode.c.h; path = ScriptController.h; sourceTree = "<group>"; };
		520F537D1B23F6D20037190F /* ScriptController.mm */ = {isa = PBXFileReference; fileEncoding = 4; lastKnownFileType = sourcecode.cpp.objcpp; path = ScriptController.mm; sourceTree = "<group>"; };
		520F537E1B23F6D20037190F /* SelectViewController.h */ = {isa = PBXFileReference; fileEncoding = 4; lastKnownFileType = sourcecode.c.h; path = SelectViewController.h; sourceTree = "<group>"; };
		520F537F1B23F6D20037190F /* SelectViewController.mm */ = {isa = PBXFileReference; fileEncoding = 4; lastKnownFileType = sourcecode.cpp.objcpp; path = SelectViewController.mm; sourceTree = "<group>"; };
		520F53C51B2405800037190F /* main.mm */ = {isa = PBXFileReference; fileEncoding = 4; lastKnownFileType = sourcecode.cpp.objcpp; path = main.mm; sourceTree = "<group>"; };
		5326AEA710A23A0500278DE6 /* CoreLocation.framework */ = {isa = PBXFileReference; lastKnownFileType = wrapper.framework; name = CoreLocation.framework; path = System/Library/Frameworks/CoreLocation.framework; sourceTree = SDKROOT; };
		53F323EA10A20EDB00E0DAE4 /* OpenAL.framework */ = {isa = PBXFileReference; lastKnownFileType = wrapper.framework; name = OpenAL.framework; path = System/Library/Frameworks/OpenAL.framework; sourceTree = SDKROOT; };
		678E130717951530005B6D19 /* Icon@2x.png */ = {isa = PBXFileReference; lastKnownFileType = image.png; name = "Icon@2x.png"; path = "bin/data/Icon@2x.png"; sourceTree = "<group>"; };
		678E130917951536005B6D19 /* Icon.png */ = {isa = PBXFileReference; lastKnownFileType = image.png; name = Icon.png; path = bin/data/Icon.png; sourceTree = "<group>"; };
		678E130B1795153C005B6D19 /* Default.png */ = {isa = PBXFileReference; lastKnownFileType = image.png; name = Default.png; path = bin/data/Default.png; sourceTree = "<group>"; };
		678E130D17951540005B6D19 /* Default@2x.png */ = {isa = PBXFileReference; lastKnownFileType = image.png; name = "Default@2x.png"; path = "bin/data/Default@2x.png"; sourceTree = "<group>"; };
		678E130F17951549005B6D19 /* Default-568h@2x~iphone.png */ = {isa = PBXFileReference; lastKnownFileType = image.png; name = "Default-568h@2x~iphone.png"; path = "bin/data/Default-568h@2x~iphone.png"; sourceTree = "<group>"; };
		67DFA53419F92A5E003B3434 /* Accelerate.framework */ = {isa = PBXFileReference; lastKnownFileType = wrapper.framework; name = Accelerate.framework; path = System/Library/Frameworks/Accelerate.framework; sourceTree = SDKROOT; };
		BB16EBD10F2B2A9500518274 /* OpenGLES.framework */ = {isa = PBXFileReference; lastKnownFileType = wrapper.framework; name = OpenGLES.framework; path = System/Library/Frameworks/OpenGLES.framework; sourceTree = SDKROOT; };
		BB16EBD80F2B2AB500518274 /* QuartzCore.framework */ = {isa = PBXFileReference; lastKnownFileType = wrapper.framework; name = QuartzCore.framework; path = System/Library/Frameworks/QuartzCore.framework; sourceTree = SDKROOT; };
		BB24DDC910DA781C00E9C588 /* ofxiOS-Info.plist */ = {isa = PBXFileReference; fileEncoding = 4; lastKnownFileType = text.plist.xml; path = "ofxiOS-Info.plist"; sourceTree = "<group>"; };
		BBE5EAB70F49AD8400F28951 /* AudioToolbox.framework */ = {isa = PBXFileReference; lastKnownFileType = wrapper.framework; name = AudioToolbox.framework; path = System/Library/Frameworks/AudioToolbox.framework; sourceTree = SDKROOT; };
		E41D3ED613B38FB500A75A5D /* Project.xcconfig */ = {isa = PBXFileReference; fileEncoding = 4; lastKnownFileType = text.xcconfig; path = Project.xcconfig; sourceTree = "<group>"; };
		E41D3EE513B3906D00A75A5D /* CoreOF.xcconfig */ = {isa = PBXFileReference; fileEncoding = 4; lastKnownFileType = text.xcconfig; name = CoreOF.xcconfig; path = ../../../libs/openFrameworksCompiled/project/ios/CoreOF.xcconfig; sourceTree = SOURCE_ROOT; };
		E41D400613B39D2100A75A5D /* AVFoundation.framework */ = {isa = PBXFileReference; lastKnownFileType = wrapper.framework; name = AVFoundation.framework; path = System/Library/Frameworks/AVFoundation.framework; sourceTree = SDKROOT; };
		E41D400713B39D2100A75A5D /* CoreMedia.framework */ = {isa = PBXFileReference; lastKnownFileType = wrapper.framework; name = CoreMedia.framework; path = System/Library/Frameworks/CoreMedia.framework; sourceTree = SDKROOT; };
		E41D400813B39D2100A75A5D /* CoreVideo.framework */ = {isa = PBXFileReference; lastKnownFileType = wrapper.framework; name = CoreVideo.framework; path = System/Library/Frameworks/CoreVideo.framework; sourceTree = SDKROOT; };
		E41D400913B39D2100A75A5D /* MapKit.framework */ = {isa = PBXFileReference; lastKnownFileType = wrapper.framework; name = MapKit.framework; path = System/Library/Frameworks/MapKit.framework; sourceTree = SDKROOT; };
		E41D40FD13B3A0D800A75A5D /* iOS+OFLib.xcodeproj */ = {isa = PBXFileReference; lastKnownFileType = "wrapper.pb-project"; name = "iOS+OFLib.xcodeproj"; path = "../../../libs/openFrameworksCompiled/project/ios/iOS+OFLib.xcodeproj"; sourceTree = SOURCE_ROOT; };
		E4A823A312561BE3002F86A2 /* CoreGraphics.framework */ = {isa = PBXFileReference; lastKnownFileType = wrapper.framework; name = CoreGraphics.framework; path = System/Library/Frameworks/CoreGraphics.framework; sourceTree = SDKROOT; };
/* End PBXFileReference section */

/* Begin PBXFrameworksBuildPhase section */
		1D60588F0D05DD3D006BFB54 /* Frameworks */ = {
			isa = PBXFrameworksBuildPhase;
			buildActionMask = 2147483647;
			files = (
				E41D421413B3A95300A75A5D /* libofxiOS_iphoneos_Debug.a in Frameworks */,
				1D60589F0D05DD5A006BFB54 /* Foundation.framework in Frameworks */,
				1DF5F4E00D08C38300B7A737 /* UIKit.framework in Frameworks */,
				288765FD0DF74451002DB57D /* CoreGraphics.framework in Frameworks */,
				BB16EBD20F2B2A9500518274 /* OpenGLES.framework in Frameworks */,
				BB16EBD90F2B2AB500518274 /* QuartzCore.framework in Frameworks */,
				BBE5EAB80F49AD8400F28951 /* AudioToolbox.framework in Frameworks */,
				53F323EB10A20EDB00E0DAE4 /* OpenAL.framework in Frameworks */,
				5326AEA810A23A0500278DE6 /* CoreLocation.framework in Frameworks */,
				E41D400B13B39D2100A75A5D /* AVFoundation.framework in Frameworks */,
				E41D400C13B39D2100A75A5D /* CoreMedia.framework in Frameworks */,
				E41D400D13B39D2100A75A5D /* CoreVideo.framework in Frameworks */,
				E41D400E13B39D2100A75A5D /* MapKit.framework in Frameworks */,
				67DFA53619F92A69003B3434 /* Accelerate.framework in Frameworks */,
			);
			runOnlyForDeploymentPostprocessing = 0;
		};
/* End PBXFrameworksBuildPhase section */

/* Begin PBXGroup section */
		19C28FACFE9D520D11CA2CBB /* Products */ = {
			isa = PBXGroup;
			children = (
				1D6058910D05DD3D006BFB54 /* ofruby.app */,
			);
			name = Products;
			sourceTree = "<group>";
		};
		29B97314FDCFA39411CA2CEA /* CustomTemplate */ = {
			isa = PBXGroup;
			children = (
				678E130917951536005B6D19 /* Icon.png */,
				678E130717951530005B6D19 /* Icon@2x.png */,
				678E130B1795153C005B6D19 /* Default.png */,
				678E130D17951540005B6D19 /* Default@2x.png */,
				678E130F17951549005B6D19 /* Default-568h@2x~iphone.png */,
				E4D8936A11527B74007E1F53 /* src */,
				BB24E1F710DAA51900E9C588 /* openFrameworks */,
				BB16F26B0F2B646B00518274 /* addons */,
				BB16E9930F2B1E5900518274 /* libs */,
				19C28FACFE9D520D11CA2CBB /* Products */,
			);
			name = CustomTemplate;
			sourceTree = "<group>";
		};
		29B97323FDCFA39411CA2CEA /* core frameworks */ = {
			isa = PBXGroup;
			children = (
				E41D400613B39D2100A75A5D /* AVFoundation.framework */,
				E41D400713B39D2100A75A5D /* CoreMedia.framework */,
				E41D400813B39D2100A75A5D /* CoreVideo.framework */,
				E41D400913B39D2100A75A5D /* MapKit.framework */,
				53F323EA10A20EDB00E0DAE4 /* OpenAL.framework */,
				E4A823A312561BE3002F86A2 /* CoreGraphics.framework */,
				BBE5EAB70F49AD8400F28951 /* AudioToolbox.framework */,
				BB16EBD80F2B2AB500518274 /* QuartzCore.framework */,
				BB16EBD10F2B2A9500518274 /* OpenGLES.framework */,
				1DF5F4DF0D08C38300B7A737 /* UIKit.framework */,
				1D30AB110D05D00D00671497 /* Foundation.framework */,
				288765FC0DF74451002DB57D /* CoreGraphics.framework */,
				5326AEA710A23A0500278DE6 /* CoreLocation.framework */,
				67DFA53419F92A5E003B3434 /* Accelerate.framework */,
			);
			name = "core frameworks";
			sourceTree = "<group>";
		};
		520F53021B23F6D20037190F /* ICTextView */ = {
			isa = PBXGroup;
			children = (
				520F53031B23F6D20037190F /* ICPreprocessor.h */,
				520F53041B23F6D20037190F /* ICRangeUtils.h */,
				520F53051B23F6D20037190F /* ICRangeUtils.m */,
				520F53061B23F6D20037190F /* ICRegularExpression.h */,
				520F53071B23F6D20037190F /* ICRegularExpression.m */,
				520F53081B23F6D20037190F /* ICTextView.h */,
				520F53091B23F6D20037190F /* ICTextView.m */,
			);
			path = ICTextView;
			sourceTree = "<group>";
		};
		520F530A1B23F6D20037190F /* mruby */ = {
			isa = PBXGroup;
			children = (
				520F530B1B23F6D20037190F /* gem */,
				520F530E1B23F6D20037190F /* gen */,
				520F53121B23F6D20037190F /* include */,
				520F532F1B23F6D20037190F /* src */,
			);
			path = mruby;
			sourceTree = "<group>";
		};
		520F530B1B23F6D20037190F /* gem */ = {
			isa = PBXGroup;
			children = (
				520F530C1B23F6D20037190F /* fiber.c */,
				520F530D1B23F6D20037190F /* math.c */,
			);
			path = gem;
			sourceTree = "<group>";
		};
		520F530E1B23F6D20037190F /* gen */ = {
			isa = PBXGroup;
			children = (
				520F530F1B23F6D20037190F /* gem */,
				520F53101B23F6D20037190F /* mrblib.c */,
				520F53111B23F6D20037190F /* y.tab.c */,
			);
			path = gen;
			sourceTree = "<group>";
		};
		520F530F1B23F6D20037190F /* gem */ = {
			isa = PBXGroup;
			children = (
			);
			path = gem;
			sourceTree = "<group>";
		};
		520F53121B23F6D20037190F /* include */ = {
			isa = PBXGroup;
			children = (
				520F53131B23F6D20037190F /* lex.def */,
				520F53141B23F6D20037190F /* mrbconf.h */,
				520F53151B23F6D20037190F /* mruby */,
				520F532E1B23F6D20037190F /* mruby.h */,
			);
			path = include;
			sourceTree = "<group>";
		};
		520F53151B23F6D20037190F /* mruby */ = {
			isa = PBXGroup;
			children = (
				520F53161B23F6D20037190F /* array.h */,
				520F53171B23F6D20037190F /* boxing_nan.h */,
				520F53181B23F6D20037190F /* boxing_no.h */,
				520F53191B23F6D20037190F /* boxing_word.h */,
				520F531A1B23F6D20037190F /* class.h */,
				520F531B1B23F6D20037190F /* compile.h */,
				520F531C1B23F6D20037190F /* data.h */,
				520F531D1B23F6D20037190F /* debug.h */,
				520F531E1B23F6D20037190F /* dump.h */,
				520F531F1B23F6D20037190F /* error.h */,
				520F53201B23F6D20037190F /* gc.h */,
				520F53211B23F6D20037190F /* hash.h */,
				520F53221B23F6D20037190F /* irep.h */,
				520F53231B23F6D20037190F /* khash.h */,
				520F53241B23F6D20037190F /* numeric.h */,
				520F53251B23F6D20037190F /* object.h */,
				520F53261B23F6D20037190F /* opcode.h */,
				520F53271B23F6D20037190F /* proc.h */,
				520F53281B23F6D20037190F /* range.h */,
				520F53291B23F6D20037190F /* re.h */,
				520F532A1B23F6D20037190F /* string.h */,
				520F532B1B23F6D20037190F /* value.h */,
				520F532C1B23F6D20037190F /* variable.h */,
				520F532D1B23F6D20037190F /* version.h */,
			);
			path = mruby;
			sourceTree = "<group>";
		};
		520F532F1B23F6D20037190F /* src */ = {
			isa = PBXGroup;
			children = (
				520F53301B23F6D20037190F /* array.c */,
				520F53311B23F6D20037190F /* backtrace.c */,
				520F53321B23F6D20037190F /* class.c */,
				520F53331B23F6D20037190F /* codegen.c */,
				520F53341B23F6D20037190F /* compar.c */,
				520F53351B23F6D20037190F /* crc.c */,
				520F53361B23F6D20037190F /* debug.c */,
				520F53371B23F6D20037190F /* dump.c */,
				520F53381B23F6D20037190F /* enum.c */,
				520F53391B23F6D20037190F /* error.c */,
				520F533A1B23F6D20037190F /* error.h */,
				520F533B1B23F6D20037190F /* etc.c */,
				520F533C1B23F6D20037190F /* ext */,
				520F533E1B23F6D20037190F /* gc.c */,
				520F533F1B23F6D20037190F /* hash.c */,
				520F53401B23F6D20037190F /* init.c */,
				520F53411B23F6D20037190F /* kernel.c */,
				520F53421B23F6D20037190F /* keywords */,
				520F53431B23F6D20037190F /* load.c */,
				520F53441B23F6D20037190F /* mrb_throw.h */,
				520F53451B23F6D20037190F /* mruby_core.rake */,
				520F53461B23F6D20037190F /* node.h */,
				520F53471B23F6D20037190F /* numeric.c */,
				520F53481B23F6D20037190F /* object.c */,
				520F53491B23F6D20037190F /* opcode.h */,
				520F534A1B23F6D20037190F /* pool.c */,
				520F534B1B23F6D20037190F /* print.c */,
				520F534C1B23F6D20037190F /* proc.c */,
				520F534D1B23F6D20037190F /* range.c */,
				520F534E1B23F6D20037190F /* state.c */,
				520F534F1B23F6D20037190F /* string.c */,
				520F53501B23F6D20037190F /* symbol.c */,
				520F53511B23F6D20037190F /* value_array.h */,
				520F53521B23F6D20037190F /* variable.c */,
				520F53531B23F6D20037190F /* version.c */,
				520F53541B23F6D20037190F /* vm.c */,
			);
			path = src;
			sourceTree = "<group>";
		};
		520F533C1B23F6D20037190F /* ext */ = {
			isa = PBXGroup;
			children = (
				520F533D1B23F6D20037190F /* .gitkeep */,
			);
			path = ext;
			sourceTree = "<group>";
		};
		520F535D1B23F6D20037190F /* rubykokuban */ = {
			isa = PBXGroup;
			children = (
				520F535E1B23F6D20037190F /* Bind.cpp */,
				520F535F1B23F6D20037190F /* Bind.hpp */,
				520F53601B23F6D20037190F /* BindApplication.cpp */,
				520F53611B23F6D20037190F /* BindColor.cpp */,
				520F53621B23F6D20037190F /* BindColor.hpp */,
				520F53631B23F6D20037190F /* BindGraphics.cpp */,
				520F53641B23F6D20037190F /* BindImage.hpp */,
				520F53651B23F6D20037190F /* BindImage.mm */,
				520F53661B23F6D20037190F /* BindInput.cpp */,
				520F53671B23F6D20037190F /* BindInput.hpp */,
				520F53681B23F6D20037190F /* BindMath.cpp */,
				520F53691B23F6D20037190F /* BindTouchPoint.cpp */,
				520F536A1B23F6D20037190F /* BindTouchPoint.hpp */,
				520F536B1B23F6D20037190F /* Input.cpp */,
				520F536C1B23F6D20037190F /* Input.hpp */,
				520F536D1B23F6D20037190F /* Mouse.cpp */,
				520F536E1B23F6D20037190F /* Mouse.hpp */,
				520F536F1B23F6D20037190F /* of_application.mrubin */,
				520F53701B23F6D20037190F /* of_graphics.mrubin */,
				520F53711B23F6D20037190F /* of_math.mrubin */,
				520F53721B23F6D20037190F /* ScriptEngine.cpp */,
				520F53731B23F6D20037190F /* ScriptEngine.hpp */,
				520F53741B23F6D20037190F /* Touch.cpp */,
				520F53751B23F6D20037190F /* Touch.hpp */,
				520F53761B23F6D20037190F /* touch_point.mrubin */,
				520F53771B23F6D20037190F /* TouchPoint.hpp */,
			);
			path = rubykokuban;
			sourceTree = "<group>";
		};
		BB16E9930F2B1E5900518274 /* libs */ = {
			isa = PBXGroup;
			children = (
				BBE5E94E0F497BD800F28951 /* core */,
			);
			name = libs;
			sourceTree = "<group>";
		};
		BB16F26B0F2B646B00518274 /* addons */ = {
			isa = PBXGroup;
			children = (
			);
			name = addons;
			sourceTree = "<group>";
		};
		BB24E1F710DAA51900E9C588 /* openFrameworks */ = {
			isa = PBXGroup;
			children = (
				E41D40FD13B3A0D800A75A5D /* iOS+OFLib.xcodeproj */,
				32CA4F630368D1EE00C91783 /* ofxiOS_Prefix.pch */,
				BB24DDC910DA781C00E9C588 /* ofxiOS-Info.plist */,
				E41D3EE513B3906D00A75A5D /* CoreOF.xcconfig */,
				E41D3ED613B38FB500A75A5D /* Project.xcconfig */,
			);
			name = openFrameworks;
			sourceTree = "<group>";
		};
		BBE5E94E0F497BD800F28951 /* core */ = {
			isa = PBXGroup;
			children = (
				29B97323FDCFA39411CA2CEA /* core frameworks */,
			);
			name = core;
			sourceTree = "<group>";
		};
		E41D40FE13B3A0D800A75A5D /* Products */ = {
			isa = PBXGroup;
			children = (
				E41D410213B3A0D800A75A5D /* libofxiOS_iphoneos_Debug.a */,
			);
			name = Products;
			sourceTree = "<group>";
		};
		E4D8936A11527B74007E1F53 /* src */ = {
			isa = PBXGroup;
			children = (
				520F53C51B2405800037190F /* main.mm */,
				520F52F81B23F6D10037190F /* AppDelegate.h */,
				520F52F91B23F6D10037190F /* AppDelegate.m */,
				520F52FA1B23F6D10037190F /* EditViewController.h */,
				520F52FB1B23F6D10037190F /* EditViewController.mm */,
				520F52FC1B23F6D10037190F /* FCFileManager.h */,
				520F52FD1B23F6D10037190F /* FCFileManager.m */,
				520F52FE1B23F6D10037190F /* FileViewController.h */,
				520F52FF1B23F6D10037190F /* FileViewController.mm */,
				520F53001B23F6D10037190F /* HelpViewController.h */,
				520F53011B23F6D20037190F /* HelpViewController.mm */,
				520F53021B23F6D20037190F /* ICTextView */,
				520F530A1B23F6D20037190F /* mruby */,
				520F535B1B23F6D20037190F /* RubyHighlightingTextStorage.h */,
				520F535C1B23F6D20037190F /* RubyHighlightingTextStorage.m */,
				520F535D1B23F6D20037190F /* rubykokuban */,
				520F53781B23F6D20037190F /* SampleViewController.h */,
				520F53791B23F6D20037190F /* SampleViewController.mm */,
				520F537A1B23F6D20037190F /* ScriptApp.h */,
				520F537B1B23F6D20037190F /* ScriptApp.mm */,
				520F537C1B23F6D20037190F /* ScriptController.h */,
				520F537D1B23F6D20037190F /* ScriptController.mm */,
				520F537E1B23F6D20037190F /* SelectViewController.h */,
				520F537F1B23F6D20037190F /* SelectViewController.mm */,
			);
			path = src;
			sourceTree = SOURCE_ROOT;
		};
/* End PBXGroup section */

/* Begin PBXNativeTarget section */
		1D6058900D05DD3D006BFB54 /* ofruby */ = {
			isa = PBXNativeTarget;
			buildConfigurationList = 1D6058960D05DD3E006BFB54 /* Build configuration list for PBXNativeTarget "ofruby" */;
			buildPhases = (
				1D60588D0D05DD3D006BFB54 /* Resources */,
				1D60588E0D05DD3D006BFB54 /* Sources */,
				1D60588F0D05DD3D006BFB54 /* Frameworks */,
				9255DD331112741900D6945E /* ShellScript */,
			);
			buildRules = (
			);
			dependencies = (
				E41D410413B3A11300A75A5D /* PBXTargetDependency */,
			);
			name = ofruby;
			productName = iPhone;
			productReference = 1D6058910D05DD3D006BFB54 /* ofruby.app */;
			productType = "com.apple.product-type.application";
		};
/* End PBXNativeTarget section */

/* Begin PBXProject section */
		29B97313FDCFA39411CA2CEA /* Project object */ = {
			isa = PBXProject;
			attributes = {
				LastUpgradeCheck = 0600;
			};
			buildConfigurationList = C01FCF4E08A954540054247B /* Build configuration list for PBXProject "ofruby" */;
			compatibilityVersion = "Xcode 3.2";
			developmentRegion = English;
			hasScannedForEncodings = 1;
			knownRegions = (
				English,
				Japanese,
				French,
				German,
			);
			mainGroup = 29B97314FDCFA39411CA2CEA /* CustomTemplate */;
			projectDirPath = "";
			projectReferences = (
				{
					ProductGroup = E41D40FE13B3A0D800A75A5D /* Products */;
					ProjectRef = E41D40FD13B3A0D800A75A5D /* iOS+OFLib.xcodeproj */;
				},
			);
			projectRoot = "";
			targets = (
				1D6058900D05DD3D006BFB54 /* ofruby */,
			);
		};
/* End PBXProject section */

/* Begin PBXReferenceProxy section */
		E41D410213B3A0D800A75A5D /* libofxiOS_iphoneos_Debug.a */ = {
			isa = PBXReferenceProxy;
			fileType = archive.ar;
			path = libofxiOS_iphoneos_Debug.a;
			remoteRef = E41D410113B3A0D800A75A5D /* PBXContainerItemProxy */;
			sourceTree = BUILT_PRODUCTS_DIR;
		};
/* End PBXReferenceProxy section */

/* Begin PBXResourcesBuildPhase section */
		1D60588D0D05DD3D006BFB54 /* Resources */ = {
			isa = PBXResourcesBuildPhase;
			buildActionMask = 2147483647;
			files = (
				520F539D1B23F6D20037190F /* keywords in Resources */,
				678E130817951530005B6D19 /* Icon@2x.png in Resources */,
				678E130A17951536005B6D19 /* Icon.png in Resources */,
				520F53BF1B23F6D20037190F /* touch_point.mrubin in Resources */,
				678E130C1795153C005B6D19 /* Default.png in Resources */,
				520F538C1B23F6D20037190F /* lex.def in Resources */,
				520F53BA1B23F6D20037190F /* of_application.mrubin in Resources */,
				678E130E17951540005B6D19 /* Default@2x.png in Resources */,
				520F539F1B23F6D20037190F /* mruby_core.rake in Resources */,
				520F53BC1B23F6D20037190F /* of_math.mrubin in Resources */,
				678E131017951549005B6D19 /* Default-568h@2x~iphone.png in Resources */,
				520F53BB1B23F6D20037190F /* of_graphics.mrubin in Resources */,
				520F53981B23F6D20037190F /* .gitkeep in Resources */,
			);
			runOnlyForDeploymentPostprocessing = 0;
		};
/* End PBXResourcesBuildPhase section */

/* Begin PBXShellScriptBuildPhase section */
		9255DD331112741900D6945E /* ShellScript */ = {
			isa = PBXShellScriptBuildPhase;
			buildActionMask = 2147483647;
			files = (
			);
			inputPaths = (
			);
			outputPaths = (
			);
			runOnlyForDeploymentPostprocessing = 0;
			shellPath = /bin/sh;
			shellScript = "rsync -avz --exclude='.DS_Store' \"${SRCROOT}/bin/data/\" \"${TARGET_BUILD_DIR}/${UNLOCALIZED_RESOURCES_FOLDER_PATH}\"\n\n\n\n";
		};
/* End PBXShellScriptBuildPhase section */

/* Begin PBXSourcesBuildPhase section */
		1D60588E0D05DD3D006BFB54 /* Sources */ = {
			isa = PBXSourcesBuildPhase;
			buildActionMask = 2147483647;
			files = (
				520F538F1B23F6D20037190F /* class.c in Sources */,
				520F53971B23F6D20037190F /* etc.c in Sources */,
				520F53831B23F6D20037190F /* FileViewController.mm in Sources */,
				520F53A81B23F6D20037190F /* symbol.c in Sources */,
				520F53811B23F6D20037190F /* EditViewController.mm in Sources */,
				520F53A01B23F6D20037190F /* numeric.c in Sources */,
				520F53C61B2405800037190F /* main.mm in Sources */,
				520F53A31B23F6D20037190F /* print.c in Sources */,
				520F53C01B23F6D20037190F /* SampleViewController.mm in Sources */,
				520F53931B23F6D20037190F /* debug.c in Sources */,
				520F539A1B23F6D20037190F /* hash.c in Sources */,
				520F53B61B23F6D20037190F /* BindMath.cpp in Sources */,
				520F53B51B23F6D20037190F /* BindInput.cpp in Sources */,
				520F53A91B23F6D20037190F /* variable.c in Sources */,
				520F53AA1B23F6D20037190F /* version.c in Sources */,
				520F53B81B23F6D20037190F /* Input.cpp in Sources */,
				520F53861B23F6D20037190F /* ICRegularExpression.m in Sources */,
				520F53941B23F6D20037190F /* dump.c in Sources */,
				520F53961B23F6D20037190F /* error.c in Sources */,
				520F53BE1B23F6D20037190F /* Touch.cpp in Sources */,
				520F53951B23F6D20037190F /* enum.c in Sources */,
				520F53871B23F6D20037190F /* ICTextView.m in Sources */,
				520F53BD1B23F6D20037190F /* ScriptEngine.cpp in Sources */,
				520F53A51B23F6D20037190F /* range.c in Sources */,
				520F53A11B23F6D20037190F /* object.c in Sources */,
				520F53A21B23F6D20037190F /* pool.c in Sources */,
				520F538E1B23F6D20037190F /* backtrace.c in Sources */,
				520F53841B23F6D20037190F /* HelpViewController.mm in Sources */,
				520F539B1B23F6D20037190F /* init.c in Sources */,
				520F53891B23F6D20037190F /* math.c in Sources */,
				520F53C21B23F6D20037190F /* ScriptController.mm in Sources */,
				520F53B31B23F6D20037190F /* BindGraphics.cpp in Sources */,
				520F53B21B23F6D20037190F /* BindColor.cpp in Sources */,
				520F538B1B23F6D20037190F /* y.tab.c in Sources */,
				520F53821B23F6D20037190F /* FCFileManager.m in Sources */,
				520F53B91B23F6D20037190F /* Mouse.cpp in Sources */,
				520F53B01B23F6D20037190F /* Bind.cpp in Sources */,
				520F53C31B23F6D20037190F /* SelectViewController.mm in Sources */,
				520F53AF1B23F6D20037190F /* RubyHighlightingTextStorage.m in Sources */,
				520F53911B23F6D20037190F /* compar.c in Sources */,
				520F538D1B23F6D20037190F /* array.c in Sources */,
				520F53A71B23F6D20037190F /* string.c in Sources */,
				520F53B11B23F6D20037190F /* BindApplication.cpp in Sources */,
				520F539C1B23F6D20037190F /* kernel.c in Sources */,
				520F53921B23F6D20037190F /* crc.c in Sources */,
				520F53B41B23F6D20037190F /* BindImage.mm in Sources */,
				520F53881B23F6D20037190F /* fiber.c in Sources */,
				520F53801B23F6D20037190F /* AppDelegate.m in Sources */,
				520F53AB1B23F6D20037190F /* vm.c in Sources */,
				520F53A61B23F6D20037190F /* state.c in Sources */,
				520F53B71B23F6D20037190F /* BindTouchPoint.cpp in Sources */,
				520F53C11B23F6D20037190F /* ScriptApp.mm in Sources */,
				520F53851B23F6D20037190F /* ICRangeUtils.m in Sources */,
				520F538A1B23F6D20037190F /* mrblib.c in Sources */,
				520F53901B23F6D20037190F /* codegen.c in Sources */,
				520F53991B23F6D20037190F /* gc.c in Sources */,
				520F539E1B23F6D20037190F /* load.c in Sources */,
				520F53A41B23F6D20037190F /* proc.c in Sources */,
			);
			runOnlyForDeploymentPostprocessing = 0;
		};
/* End PBXSourcesBuildPhase section */

/* Begin PBXTargetDependency section */
		E41D410413B3A11300A75A5D /* PBXTargetDependency */ = {
			isa = PBXTargetDependency;
			name = "iPhone+OF Static Library";
			targetProxy = E41D410313B3A11300A75A5D /* PBXContainerItemProxy */;
		};
/* End PBXTargetDependency section */

/* Begin XCBuildConfiguration section */
		1D6058940D05DD3E006BFB54 /* Debug */ = {
			isa = XCBuildConfiguration;
			buildSettings = {
				ALWAYS_SEARCH_USER_PATHS = NO;
				GCC_PRECOMPILE_PREFIX_HEADER = YES;
				GCC_PREFIX_HEADER = ofxiOS_Prefix.pch;
				HEADER_SEARCH_PATHS = (
					"$(OF_CORE_HEADERS)",
					src,
					src/mruby/include,
				);
				INFOPLIST_FILE = "ofxiOS-Info.plist";
				IPHONEOS_DEPLOYMENT_TARGET = 5.1.1;
				PRODUCT_NAME = "${TARGET_NAME}";
				VALID_ARCHS = "$(ARCHS_STANDARD)";
			};
			name = Debug;
		};
		1D6058950D05DD3E006BFB54 /* Release */ = {
			isa = XCBuildConfiguration;
			buildSettings = {
				GCC_PRECOMPILE_PREFIX_HEADER = YES;
				GCC_PREFIX_HEADER = ofxiOS_Prefix.pch;
				HEADER_SEARCH_PATHS = (
					"$(OF_CORE_HEADERS)",
					src,
					src/mruby/include,
				);
				INFOPLIST_FILE = "ofxiOS-Info.plist";
				IPHONEOS_DEPLOYMENT_TARGET = 5.1.1;
				PRODUCT_NAME = "${TARGET_NAME}";
				VALID_ARCHS = "$(ARCHS_STANDARD)";
			};
			name = Release;
		};
		C01FCF4F08A954540054247B /* Debug */ = {
			isa = XCBuildConfiguration;
			baseConfigurationReference = E41D3ED613B38FB500A75A5D /* Project.xcconfig */;
			buildSettings = {
				ALWAYS_SEARCH_USER_PATHS = YES;
				CLANG_CXX_LIBRARY = "libc++";
				CODE_SIGN_IDENTITY = "";
				"CODE_SIGN_IDENTITY[sdk=iphoneos*]" = "iPhone Developer";
				COMPRESS_PNG_FILES = NO;
				GCC_C_LANGUAGE_STANDARD = c11;
				GCC_OPTIMIZATION_LEVEL = 0;
				GCC_SYMBOLS_PRIVATE_EXTERN = NO;
				GCC_WARN_ABOUT_INVALID_OFFSETOF_MACRO = NO;
				GCC_WARN_ABOUT_POINTER_SIGNEDNESS = NO;
				GCC_WARN_ABOUT_RETURN_TYPE = YES;
				GCC_WARN_ALLOW_INCOMPLETE_PROTOCOL = NO;
				GCC_WARN_PROTOTYPE_CONVERSION = NO;
				GCC_WARN_UNUSED_VARIABLE = YES;
				IPHONEOS_DEPLOYMENT_TARGET = 5.1.1;
				ONLY_ACTIVE_ARCH = NO;
				"PROVISIONING_PROFILE[sdk=iphoneos*]" = "";
				SDKROOT = iphoneos;
				TARGETED_DEVICE_FAMILY = 1;
				VALID_ARCHS = "$(ARCHS_STANDARD)";
				WARNING_LDFLAGS = "-no_arch_warnings";
			};
			name = Debug;
		};
		C01FCF5008A954540054247B /* Release */ = {
			isa = XCBuildConfiguration;
			baseConfigurationReference = E41D3ED613B38FB500A75A5D /* Project.xcconfig */;
			buildSettings = {
				ALWAYS_SEARCH_USER_PATHS = YES;
				CLANG_CXX_LIBRARY = "libc++";
				CODE_SIGN_IDENTITY = "";
				"CODE_SIGN_IDENTITY[sdk=iphoneos*]" = "iPhone Developer";
				COMPRESS_PNG_FILES = NO;
				GCC_C_LANGUAGE_STANDARD = c11;
				GCC_DYNAMIC_NO_PIC = NO;
				GCC_GENERATE_DEBUGGING_SYMBOLS = NO;
				GCC_OPTIMIZATION_LEVEL = 3;
				GCC_SYMBOLS_PRIVATE_EXTERN = NO;
				GCC_THUMB_SUPPORT = NO;
				GCC_WARN_ABOUT_RETURN_TYPE = YES;
				GCC_WARN_UNUSED_VARIABLE = YES;
				IPHONEOS_DEPLOYMENT_TARGET = 5.1.1;
				ONLY_ACTIVE_ARCH = NO;
				SDKROOT = iphoneos;
				TARGETED_DEVICE_FAMILY = 1;
				VALID_ARCHS = "$(ARCHS_STANDARD)";
				WARNING_LDFLAGS = "-no_arch_warnings";
			};
			name = Release;
		};
/* End XCBuildConfiguration section */

/* Begin XCConfigurationList section */
		1D6058960D05DD3E006BFB54 /* Build configuration list for PBXNativeTarget "ofruby" */ = {
			isa = XCConfigurationList;
			buildConfigurations = (
				1D6058940D05DD3E006BFB54 /* Debug */,
				1D6058950D05DD3E006BFB54 /* Release */,
			);
			defaultConfigurationIsVisible = 0;
			defaultConfigurationName = Release;
		};
		C01FCF4E08A954540054247B /* Build configuration list for PBXProject "ofruby" */ = {
			isa = XCConfigurationList;
			buildConfigurations = (
				C01FCF4F08A954540054247B /* Debug */,
				C01FCF5008A954540054247B /* Release */,
			);
			defaultConfigurationIsVisible = 0;
			defaultConfigurationName = Release;
		};
/* End XCConfigurationList section */
	};
	rootObject = 29B97313FDCFA39411CA2CEA /* Project object */;
}
