// !$*UTF8*$!
{
	archiveVersion = 1;
	classes = {
	};
	objectVersion = 46;
	objects = {

/* Begin PBXBuildFile section */
		1D60589F0D05DD5A006BFB54 /* Foundation.framework in Frameworks */ = {isa = PBXBuildFile; fileRef = 1D30AB110D05D00D00671497 /* Foundation.framework */; };
		1DF5F4E00D08C38300B7A737 /* UIKit.framework in Frameworks */ = {isa = PBXBuildFile; fileRef = 1DF5F4DF0D08C38300B7A737 /* UIKit.framework */; };
		288765FD0DF74451002DB57D /* CoreGraphics.framework in Frameworks */ = {isa = PBXBuildFile; fileRef = 288765FC0DF74451002DB57D /* CoreGraphics.framework */; };
		5205E7E219A1A73F00C09DC5 /* Images.xcassets in Resources */ = {isa = PBXBuildFile; fileRef = 5205E7E119A1A73F00C09DC5 /* Images.xcassets */; };
		5238A7581AF1C5BD008520F7 /* SyntaxHighlighter.m in Sources */ = {isa = PBXBuildFile; fileRef = 5238A7571AF1C5BD008520F7 /* SyntaxHighlighter.m */; };
		525E0DFE1995EF0C00C18947 /* AppDelegate.m in Sources */ = {isa = PBXBuildFile; fileRef = 525E0DFD1995EF0C00C18947 /* AppDelegate.m */; };
		525E0E021995EF7B00C18947 /* SelectViewController.mm in Sources */ = {isa = PBXBuildFile; fileRef = 525E0E011995EF7B00C18947 /* SelectViewController.mm */; };
		525E0E09199614A000C18947 /* ScriptController.mm in Sources */ = {isa = PBXBuildFile; fileRef = 525E0E08199614A000C18947 /* ScriptController.mm */; };
		525E0E0C1996369E00C18947 /* EditViewController.mm in Sources */ = {isa = PBXBuildFile; fileRef = 525E0E0B1996369E00C18947 /* EditViewController.mm */; };
		525E0E0F199660AE00C18947 /* FCFileManager.m in Sources */ = {isa = PBXBuildFile; fileRef = 525E0E0E199660AE00C18947 /* FCFileManager.m */; };
		527EB38919AA0D4A003224BC /* BindTouchPoint.cpp in Sources */ = {isa = PBXBuildFile; fileRef = 527EB38719AA0D4A003224BC /* BindTouchPoint.cpp */; };
		52B87B121A7C92590067183F /* SampleViewController.mm in Sources */ = {isa = PBXBuildFile; fileRef = 52B87B111A7C92590067183F /* SampleViewController.mm */; };
		52B87B141A7C98790067183F /* sample in Resources */ = {isa = PBXBuildFile; fileRef = 52B87B131A7C98790067183F /* sample */; };
		52B87B171A7DDA340067183F /* FileViewController.mm in Sources */ = {isa = PBXBuildFile; fileRef = 52B87B161A7DDA340067183F /* FileViewController.mm */; };
		52BBFAA81A4DB29B00D31C5E /* tabbar_files.png in Resources */ = {isa = PBXBuildFile; fileRef = 52BBFAA71A4DB29B00D31C5E /* tabbar_files.png */; };
		52BBFAAA1A4DB6F500D31C5E /* tabbar_samples.png in Resources */ = {isa = PBXBuildFile; fileRef = 52BBFAA91A4DB6F500D31C5E /* tabbar_samples.png */; };
		52C285D01995C60B00A6BF47 /* Bind.cpp in Sources */ = {isa = PBXBuildFile; fileRef = 52C2859B1995C60B00A6BF47 /* Bind.cpp */; };
		52C285D11995C60B00A6BF47 /* BindApplication.cpp in Sources */ = {isa = PBXBuildFile; fileRef = 52C2859D1995C60B00A6BF47 /* BindApplication.cpp */; };
		52C285D21995C60B00A6BF47 /* BindColor.cpp in Sources */ = {isa = PBXBuildFile; fileRef = 52C2859E1995C60B00A6BF47 /* BindColor.cpp */; };
		52C285D31995C60B00A6BF47 /* BindGraphics.cpp in Sources */ = {isa = PBXBuildFile; fileRef = 52C285A01995C60B00A6BF47 /* BindGraphics.cpp */; };
		52C285D41995C60B00A6BF47 /* BindImage.mm in Sources */ = {isa = PBXBuildFile; fileRef = 52C285A11995C60B00A6BF47 /* BindImage.mm */; };
		52C285D51995C60B00A6BF47 /* BindInput.cpp in Sources */ = {isa = PBXBuildFile; fileRef = 52C285A31995C60B00A6BF47 /* BindInput.cpp */; };
		52C285D61995C60B00A6BF47 /* BindMath.cpp in Sources */ = {isa = PBXBuildFile; fileRef = 52C285A51995C60B00A6BF47 /* BindMath.cpp */; };
		52C285D71995C60B00A6BF47 /* Input.cpp in Sources */ = {isa = PBXBuildFile; fileRef = 52C285A61995C60B00A6BF47 /* Input.cpp */; };
		52C285D81995C60B00A6BF47 /* Mouse.cpp in Sources */ = {isa = PBXBuildFile; fileRef = 52C285A81995C60B00A6BF47 /* Mouse.cpp */; };
		52C285D91995C60B00A6BF47 /* ScriptEngine.cpp in Sources */ = {isa = PBXBuildFile; fileRef = 52C285AA1995C60B00A6BF47 /* ScriptEngine.cpp */; };
		52C285DC1995C7AF00A6BF47 /* ScriptApp.mm in Sources */ = {isa = PBXBuildFile; fileRef = 52C285DB1995C7AF00A6BF47 /* ScriptApp.mm */; };
		52CD2DE51AC089CD006A0A68 /* math.c in Sources */ = {isa = PBXBuildFile; fileRef = 52CD2D9D1AC089CD006A0A68 /* math.c */; };
		52CD2DE61AC089CD006A0A68 /* mrblib.c in Sources */ = {isa = PBXBuildFile; fileRef = 52CD2DA01AC089CD006A0A68 /* mrblib.c */; };
		52CD2DE71AC089CD006A0A68 /* y.tab.c in Sources */ = {isa = PBXBuildFile; fileRef = 52CD2DA11AC089CD006A0A68 /* y.tab.c */; };
		52CD2DE81AC089CD006A0A68 /* lex.def in Resources */ = {isa = PBXBuildFile; fileRef = 52CD2DA31AC089CD006A0A68 /* lex.def */; };
		52CD2DE91AC089CD006A0A68 /* array.c in Sources */ = {isa = PBXBuildFile; fileRef = 52CD2DC01AC089CD006A0A68 /* array.c */; };
		52CD2DEA1AC089CD006A0A68 /* backtrace.c in Sources */ = {isa = PBXBuildFile; fileRef = 52CD2DC11AC089CD006A0A68 /* backtrace.c */; };
		52CD2DEB1AC089CD006A0A68 /* class.c in Sources */ = {isa = PBXBuildFile; fileRef = 52CD2DC21AC089CD006A0A68 /* class.c */; };
		52CD2DEC1AC089CD006A0A68 /* codegen.c in Sources */ = {isa = PBXBuildFile; fileRef = 52CD2DC31AC089CD006A0A68 /* codegen.c */; };
		52CD2DED1AC089CD006A0A68 /* compar.c in Sources */ = {isa = PBXBuildFile; fileRef = 52CD2DC41AC089CD006A0A68 /* compar.c */; };
		52CD2DEE1AC089CD006A0A68 /* crc.c in Sources */ = {isa = PBXBuildFile; fileRef = 52CD2DC51AC089CD006A0A68 /* crc.c */; };
		52CD2DEF1AC089CD006A0A68 /* debug.c in Sources */ = {isa = PBXBuildFile; fileRef = 52CD2DC61AC089CD006A0A68 /* debug.c */; };
		52CD2DF01AC089CD006A0A68 /* dump.c in Sources */ = {isa = PBXBuildFile; fileRef = 52CD2DC71AC089CD006A0A68 /* dump.c */; };
		52CD2DF11AC089CD006A0A68 /* enum.c in Sources */ = {isa = PBXBuildFile; fileRef = 52CD2DC81AC089CD006A0A68 /* enum.c */; };
		52CD2DF21AC089CD006A0A68 /* error.c in Sources */ = {isa = PBXBuildFile; fileRef = 52CD2DC91AC089CD006A0A68 /* error.c */; };
		52CD2DF31AC089CD006A0A68 /* etc.c in Sources */ = {isa = PBXBuildFile; fileRef = 52CD2DCB1AC089CD006A0A68 /* etc.c */; };
		52CD2DF41AC089CD006A0A68 /* .gitkeep in Resources */ = {isa = PBXBuildFile; fileRef = 52CD2DCD1AC089CD006A0A68 /* .gitkeep */; };
		52CD2DF51AC089CD006A0A68 /* gc.c in Sources */ = {isa = PBXBuildFile; fileRef = 52CD2DCE1AC089CD006A0A68 /* gc.c */; };
		52CD2DF61AC089CD006A0A68 /* hash.c in Sources */ = {isa = PBXBuildFile; fileRef = 52CD2DCF1AC089CD006A0A68 /* hash.c */; };
		52CD2DF71AC089CD006A0A68 /* init.c in Sources */ = {isa = PBXBuildFile; fileRef = 52CD2DD01AC089CD006A0A68 /* init.c */; };
		52CD2DF81AC089CD006A0A68 /* kernel.c in Sources */ = {isa = PBXBuildFile; fileRef = 52CD2DD11AC089CD006A0A68 /* kernel.c */; };
		52CD2DF91AC089CD006A0A68 /* keywords in Resources */ = {isa = PBXBuildFile; fileRef = 52CD2DD21AC089CD006A0A68 /* keywords */; };
		52CD2DFA1AC089CD006A0A68 /* load.c in Sources */ = {isa = PBXBuildFile; fileRef = 52CD2DD31AC089CD006A0A68 /* load.c */; };
		52CD2DFB1AC089CD006A0A68 /* mruby_core.rake in Resources */ = {isa = PBXBuildFile; fileRef = 52CD2DD51AC089CD006A0A68 /* mruby_core.rake */; };
		52CD2DFC1AC089CD006A0A68 /* numeric.c in Sources */ = {isa = PBXBuildFile; fileRef = 52CD2DD71AC089CD006A0A68 /* numeric.c */; };
		52CD2DFD1AC089CD006A0A68 /* object.c in Sources */ = {isa = PBXBuildFile; fileRef = 52CD2DD81AC089CD006A0A68 /* object.c */; };
		52CD2DFE1AC089CD006A0A68 /* pool.c in Sources */ = {isa = PBXBuildFile; fileRef = 52CD2DDA1AC089CD006A0A68 /* pool.c */; };
		52CD2DFF1AC089CD006A0A68 /* print.c in Sources */ = {isa = PBXBuildFile; fileRef = 52CD2DDB1AC089CD006A0A68 /* print.c */; };
		52CD2E001AC089CD006A0A68 /* proc.c in Sources */ = {isa = PBXBuildFile; fileRef = 52CD2DDC1AC089CD006A0A68 /* proc.c */; };
		52CD2E011AC089CD006A0A68 /* range.c in Sources */ = {isa = PBXBuildFile; fileRef = 52CD2DDD1AC089CD006A0A68 /* range.c */; };
		52CD2E021AC089CD006A0A68 /* state.c in Sources */ = {isa = PBXBuildFile; fileRef = 52CD2DDE1AC089CD006A0A68 /* state.c */; };
		52CD2E031AC089CD006A0A68 /* string.c in Sources */ = {isa = PBXBuildFile; fileRef = 52CD2DDF1AC089CD006A0A68 /* string.c */; };
		52CD2E041AC089CD006A0A68 /* symbol.c in Sources */ = {isa = PBXBuildFile; fileRef = 52CD2DE01AC089CD006A0A68 /* symbol.c */; };
		52CD2E051AC089CD006A0A68 /* variable.c in Sources */ = {isa = PBXBuildFile; fileRef = 52CD2DE21AC089CD006A0A68 /* variable.c */; };
		52CD2E061AC089CD006A0A68 /* version.c in Sources */ = {isa = PBXBuildFile; fileRef = 52CD2DE31AC089CD006A0A68 /* version.c */; };
		52CD2E071AC089CD006A0A68 /* vm.c in Sources */ = {isa = PBXBuildFile; fileRef = 52CD2DE41AC089CD006A0A68 /* vm.c */; };
		52DB1C0319A3C06500D43F2A /* Touch.cpp in Sources */ = {isa = PBXBuildFile; fileRef = 52DB1C0019A3C06500D43F2A /* Touch.cpp */; };
		52E087771998AF1700F3A293 /* HelpViewController.mm in Sources */ = {isa = PBXBuildFile; fileRef = 52E087761998AF1700F3A293 /* HelpViewController.mm */; };
		5326AEA810A23A0500278DE6 /* CoreLocation.framework in Frameworks */ = {isa = PBXBuildFile; fileRef = 5326AEA710A23A0500278DE6 /* CoreLocation.framework */; };
		53F323EB10A20EDB00E0DAE4 /* OpenAL.framework in Frameworks */ = {isa = PBXBuildFile; fileRef = 53F323EA10A20EDB00E0DAE4 /* OpenAL.framework */; };
		BB16EBD20F2B2A9500518274 /* OpenGLES.framework in Frameworks */ = {isa = PBXBuildFile; fileRef = BB16EBD10F2B2A9500518274 /* OpenGLES.framework */; };
		BB16EBD90F2B2AB500518274 /* QuartzCore.framework in Frameworks */ = {isa = PBXBuildFile; fileRef = BB16EBD80F2B2AB500518274 /* QuartzCore.framework */; };
		BBE5EAB80F49AD8400F28951 /* AudioToolbox.framework in Frameworks */ = {isa = PBXBuildFile; fileRef = BBE5EAB70F49AD8400F28951 /* AudioToolbox.framework */; };
		E41D3ED713B38FB500A75A5D /* Project.xcconfig in Resources */ = {isa = PBXBuildFile; fileRef = E41D3ED613B38FB500A75A5D /* Project.xcconfig */; };
		E41D3EE613B3906D00A75A5D /* CoreOF.xcconfig in Resources */ = {isa = PBXBuildFile; fileRef = E41D3EE513B3906D00A75A5D /* CoreOF.xcconfig */; };
		E41D400B13B39D2100A75A5D /* AVFoundation.framework in Frameworks */ = {isa = PBXBuildFile; fileRef = E41D400613B39D2100A75A5D /* AVFoundation.framework */; };
		E41D400C13B39D2100A75A5D /* CoreMedia.framework in Frameworks */ = {isa = PBXBuildFile; fileRef = E41D400713B39D2100A75A5D /* CoreMedia.framework */; };
		E41D400D13B39D2100A75A5D /* CoreVideo.framework in Frameworks */ = {isa = PBXBuildFile; fileRef = E41D400813B39D2100A75A5D /* CoreVideo.framework */; };
		E41D400E13B39D2100A75A5D /* MapKit.framework in Frameworks */ = {isa = PBXBuildFile; fileRef = E41D400913B39D2100A75A5D /* MapKit.framework */; };
		E41D421413B3A95300A75A5D /* libofxiOS_iphoneos_Debug.a in Frameworks */ = {isa = PBXBuildFile; fileRef = E41D410213B3A0D800A75A5D /* libofxiOS_iphoneos_Debug.a */; };
		E4A823A412561BE3002F86A2 /* CoreGraphics.framework in Frameworks */ = {isa = PBXBuildFile; fileRef = E4A823A312561BE3002F86A2 /* CoreGraphics.framework */; };
		E4D8936E11527B74007E1F53 /* main.mm in Sources */ = {isa = PBXBuildFile; fileRef = E4D8936B11527B74007E1F53 /* main.mm */; };
/* End PBXBuildFile section */

/* Begin PBXContainerItemProxy section */
		E41D410113B3A0D800A75A5D /* PBXContainerItemProxy */ = {
			isa = PBXContainerItemProxy;
			containerPortal = E41D40FD13B3A0D800A75A5D /* iOS+OFLib.xcodeproj */;
			proxyType = 2;
			remoteGlobalIDString = BB24DED610DA7A3F00E9C588;
			remoteInfo = "iPhone+OF Static Library";
		};
		E41D410313B3A11300A75A5D /* PBXContainerItemProxy */ = {
			isa = PBXContainerItemProxy;
			containerPortal = E41D40FD13B3A0D800A75A5D /* iOS+OFLib.xcodeproj */;
			proxyType = 1;
			remoteGlobalIDString = BB24DE5C10DA7A3F00E9C588;
			remoteInfo = "iPhone+OF Static Library";
		};
/* End PBXContainerItemProxy section */

/* Begin PBXFileReference section */
		1D30AB110D05D00D00671497 /* Foundation.framework */ = {isa = PBXFileReference; lastKnownFileType = wrapper.framework; name = Foundation.framework; path = System/Library/Frameworks/Foundation.framework; sourceTree = SDKROOT; };
		1D6058910D05DD3D006BFB54 /* ofruby.app */ = {isa = PBXFileReference; explicitFileType = wrapper.application; includeInIndex = 0; path = ofruby.app; sourceTree = BUILT_PRODUCTS_DIR; };
		1DF5F4DF0D08C38300B7A737 /* UIKit.framework */ = {isa = PBXFileReference; lastKnownFileType = wrapper.framework; name = UIKit.framework; path = System/Library/Frameworks/UIKit.framework; sourceTree = SDKROOT; };
		288765FC0DF74451002DB57D /* CoreGraphics.framework */ = {isa = PBXFileReference; lastKnownFileType = wrapper.framework; name = CoreGraphics.framework; path = System/Library/Frameworks/CoreGraphics.framework; sourceTree = SDKROOT; };
		32CA4F630368D1EE00C91783 /* ofxiOS_Prefix.pch */ = {isa = PBXFileReference; fileEncoding = 4; lastKnownFileType = sourcecode.c.h; path = ofxiOS_Prefix.pch; sourceTree = "<group>"; };
		5205E7E119A1A73F00C09DC5 /* Images.xcassets */ = {isa = PBXFileReference; lastKnownFileType = folder; name = Images.xcassets; path = ofruby/Images.xcassets; sourceTree = "<group>"; };
		5238A7561AF1C5BD008520F7 /* SyntaxHighlighter.h */ = {isa = PBXFileReference; fileEncoding = 4; lastKnownFileType = sourcecode.c.h; path = SyntaxHighlighter.h; sourceTree = "<group>"; };
		5238A7571AF1C5BD008520F7 /* SyntaxHighlighter.m */ = {isa = PBXFileReference; fileEncoding = 4; lastKnownFileType = sourcecode.c.objc; path = SyntaxHighlighter.m; sourceTree = "<group>"; };
		525E0DFC1995EF0C00C18947 /* AppDelegate.h */ = {isa = PBXFileReference; fileEncoding = 4; lastKnownFileType = sourcecode.c.h; path = AppDelegate.h; sourceTree = "<group>"; };
		525E0DFD1995EF0C00C18947 /* AppDelegate.m */ = {isa = PBXFileReference; fileEncoding = 4; lastKnownFileType = sourcecode.c.objc; path = AppDelegate.m; sourceTree = "<group>"; };
		525E0E001995EF7B00C18947 /* SelectViewController.h */ = {isa = PBXFileReference; fileEncoding = 4; lastKnownFileType = sourcecode.c.h; path = SelectViewController.h; sourceTree = "<group>"; };
		525E0E011995EF7B00C18947 /* SelectViewController.mm */ = {isa = PBXFileReference; fileEncoding = 4; lastKnownFileType = sourcecode.cpp.objcpp; path = SelectViewController.mm; sourceTree = "<group>"; };
		525E0E07199614A000C18947 /* ScriptController.h */ = {isa = PBXFileReference; fileEncoding = 4; lastKnownFileType = sourcecode.c.h; path = ScriptController.h; sourceTree = "<group>"; };
		525E0E08199614A000C18947 /* ScriptController.mm */ = {isa = PBXFileReference; fileEncoding = 4; lastKnownFileType = sourcecode.cpp.objcpp; path = ScriptController.mm; sourceTree = "<group>"; };
		525E0E0A1996369E00C18947 /* EditViewController.h */ = {isa = PBXFileReference; fileEncoding = 4; lastKnownFileType = sourcecode.c.h; path = EditViewController.h; sourceTree = "<group>"; };
		525E0E0B1996369E00C18947 /* EditViewController.mm */ = {isa = PBXFileReference; fileEncoding = 4; lastKnownFileType = sourcecode.cpp.objcpp; path = EditViewController.mm; sourceTree = "<group>"; };
		525E0E0D199660AE00C18947 /* FCFileManager.h */ = {isa = PBXFileReference; fileEncoding = 4; lastKnownFileType = sourcecode.c.h; path = FCFileManager.h; sourceTree = "<group>"; };
		525E0E0E199660AE00C18947 /* FCFileManager.m */ = {isa = PBXFileReference; fileEncoding = 4; lastKnownFileType = sourcecode.c.objc; path = FCFileManager.m; sourceTree = "<group>"; };
		527EB38719AA0D4A003224BC /* BindTouchPoint.cpp */ = {isa = PBXFileReference; fileEncoding = 4; lastKnownFileType = sourcecode.cpp.cpp; path = BindTouchPoint.cpp; sourceTree = "<group>"; };
		527EB38819AA0D4A003224BC /* BindTouchPoint.hpp */ = {isa = PBXFileReference; fileEncoding = 4; lastKnownFileType = sourcecode.cpp.h; path = BindTouchPoint.hpp; sourceTree = "<group>"; };
		52B87B101A7C92590067183F /* SampleViewController.h */ = {isa = PBXFileReference; fileEncoding = 4; lastKnownFileType = sourcecode.c.h; path = SampleViewController.h; sourceTree = "<group>"; };
		52B87B111A7C92590067183F /* SampleViewController.mm */ = {isa = PBXFileReference; fileEncoding = 4; lastKnownFileType = sourcecode.cpp.objcpp; path = SampleViewController.mm; sourceTree = "<group>"; };
		52B87B131A7C98790067183F /* sample */ = {isa = PBXFileReference; lastKnownFileType = folder; path = sample; sourceTree = "<group>"; };
		52B87B151A7DDA340067183F /* FileViewController.h */ = {isa = PBXFileReference; fileEncoding = 4; lastKnownFileType = sourcecode.c.h; path = FileViewController.h; sourceTree = "<group>"; };
		52B87B161A7DDA340067183F /* FileViewController.mm */ = {isa = PBXFileReference; fileEncoding = 4; lastKnownFileType = sourcecode.cpp.objcpp; path = FileViewController.mm; sourceTree = "<group>"; };
		52BBFAA71A4DB29B00D31C5E /* tabbar_files.png */ = {isa = PBXFileReference; lastKnownFileType = image.png; path = tabbar_files.png; sourceTree = "<group>"; };
		52BBFAA91A4DB6F500D31C5E /* tabbar_samples.png */ = {isa = PBXFileReference; lastKnownFileType = image.png; path = tabbar_samples.png; sourceTree = "<group>"; };
		52C2859B1995C60B00A6BF47 /* Bind.cpp */ = {isa = PBXFileReference; fileEncoding = 4; lastKnownFileType = sourcecode.cpp.cpp; path = Bind.cpp; sourceTree = "<group>"; };
		52C2859C1995C60B00A6BF47 /* Bind.hpp */ = {isa = PBXFileReference; fileEncoding = 4; lastKnownFileType = sourcecode.cpp.h; path = Bind.hpp; sourceTree = "<group>"; };
		52C2859D1995C60B00A6BF47 /* BindApplication.cpp */ = {isa = PBXFileReference; fileEncoding = 4; lastKnownFileType = sourcecode.cpp.cpp; path = BindApplication.cpp; sourceTree = "<group>"; };
		52C2859E1995C60B00A6BF47 /* BindColor.cpp */ = {isa = PBXFileReference; fileEncoding = 4; lastKnownFileType = sourcecode.cpp.cpp; path = BindColor.cpp; sourceTree = "<group>"; };
		52C2859F1995C60B00A6BF47 /* BindColor.hpp */ = {isa = PBXFileReference; fileEncoding = 4; lastKnownFileType = sourcecode.cpp.h; path = BindColor.hpp; sourceTree = "<group>"; };
		52C285A01995C60B00A6BF47 /* BindGraphics.cpp */ = {isa = PBXFileReference; fileEncoding = 4; lastKnownFileType = sourcecode.cpp.cpp; path = BindGraphics.cpp; sourceTree = "<group>"; };
		52C285A11995C60B00A6BF47 /* BindImage.mm */ = {isa = PBXFileReference; fileEncoding = 4; lastKnownFileType = sourcecode.cpp.objcpp; path = BindImage.mm; sourceTree = "<group>"; };
		52C285A21995C60B00A6BF47 /* BindImage.hpp */ = {isa = PBXFileReference; fileEncoding = 4; lastKnownFileType = sourcecode.cpp.h; path = BindImage.hpp; sourceTree = "<group>"; };
		52C285A31995C60B00A6BF47 /* BindInput.cpp */ = {isa = PBXFileReference; fileEncoding = 4; lastKnownFileType = sourcecode.cpp.cpp; path = BindInput.cpp; sourceTree = "<group>"; };
		52C285A41995C60B00A6BF47 /* BindInput.hpp */ = {isa = PBXFileReference; fileEncoding = 4; lastKnownFileType = sourcecode.cpp.h; path = BindInput.hpp; sourceTree = "<group>"; };
		52C285A51995C60B00A6BF47 /* BindMath.cpp */ = {isa = PBXFileReference; fileEncoding = 4; lastKnownFileType = sourcecode.cpp.cpp; path = BindMath.cpp; sourceTree = "<group>"; };
		52C285A61995C60B00A6BF47 /* Input.cpp */ = {isa = PBXFileReference; fileEncoding = 4; lastKnownFileType = sourcecode.cpp.cpp; path = Input.cpp; sourceTree = "<group>"; };
		52C285A71995C60B00A6BF47 /* Input.hpp */ = {isa = PBXFileReference; fileEncoding = 4; lastKnownFileType = sourcecode.cpp.h; path = Input.hpp; sourceTree = "<group>"; };
		52C285A81995C60B00A6BF47 /* Mouse.cpp */ = {isa = PBXFileReference; fileEncoding = 4; lastKnownFileType = sourcecode.cpp.cpp; path = Mouse.cpp; sourceTree = "<group>"; };
		52C285A91995C60B00A6BF47 /* Mouse.hpp */ = {isa = PBXFileReference; fileEncoding = 4; lastKnownFileType = sourcecode.cpp.h; path = Mouse.hpp; sourceTree = "<group>"; };
		52C285AA1995C60B00A6BF47 /* ScriptEngine.cpp */ = {isa = PBXFileReference; fileEncoding = 4; lastKnownFileType = sourcecode.cpp.cpp; path = ScriptEngine.cpp; sourceTree = "<group>"; };
		52C285AB1995C60B00A6BF47 /* ScriptEngine.hpp */ = {isa = PBXFileReference; fileEncoding = 4; lastKnownFileType = sourcecode.cpp.h; path = ScriptEngine.hpp; sourceTree = "<group>"; };
		52C285DB1995C7AF00A6BF47 /* ScriptApp.mm */ = {isa = PBXFileReference; fileEncoding = 4; lastKnownFileType = sourcecode.cpp.objcpp; path = ScriptApp.mm; sourceTree = "<group>"; };
		52C285DD1995C7FD00A6BF47 /* ScriptApp.h */ = {isa = PBXFileReference; lastKnownFileType = sourcecode.c.h; path = ScriptApp.h; sourceTree = "<group>"; };
		52CD2D9D1AC089CD006A0A68 /* math.c */ = {isa = PBXFileReference; fileEncoding = 4; lastKnownFileType = sourcecode.c.c; path = math.c; sourceTree = "<group>"; };
		52CD2DA01AC089CD006A0A68 /* mrblib.c */ = {isa = PBXFileReference; fileEncoding = 4; lastKnownFileType = sourcecode.c.c; path = mrblib.c; sourceTree = "<group>"; };
		52CD2DA11AC089CD006A0A68 /* y.tab.c */ = {isa = PBXFileReference; fileEncoding = 4; lastKnownFileType = sourcecode.c.c; path = y.tab.c; sourceTree = "<group>"; };
		52CD2DA31AC089CD006A0A68 /* lex.def */ = {isa = PBXFileReference; fileEncoding = 4; lastKnownFileType = text; path = lex.def; sourceTree = "<group>"; };
		52CD2DA41AC089CD006A0A68 /* mrbconf.h */ = {isa = PBXFileReference; fileEncoding = 4; lastKnownFileType = sourcecode.c.h; path = mrbconf.h; sourceTree = "<group>"; };
		52CD2DA61AC089CD006A0A68 /* array.h */ = {isa = PBXFileReference; fileEncoding = 4; lastKnownFileType = sourcecode.c.h; path = array.h; sourceTree = "<group>"; };
		52CD2DA71AC089CD006A0A68 /* boxing_nan.h */ = {isa = PBXFileReference; fileEncoding = 4; lastKnownFileType = sourcecode.c.h; path = boxing_nan.h; sourceTree = "<group>"; };
		52CD2DA81AC089CD006A0A68 /* boxing_no.h */ = {isa = PBXFileReference; fileEncoding = 4; lastKnownFileType = sourcecode.c.h; path = boxing_no.h; sourceTree = "<group>"; };
		52CD2DA91AC089CD006A0A68 /* boxing_word.h */ = {isa = PBXFileReference; fileEncoding = 4; lastKnownFileType = sourcecode.c.h; path = boxing_word.h; sourceTree = "<group>"; };
		52CD2DAA1AC089CD006A0A68 /* class.h */ = {isa = PBXFileReference; fileEncoding = 4; lastKnownFileType = sourcecode.c.h; path = class.h; sourceTree = "<group>"; };
		52CD2DAB1AC089CD006A0A68 /* compile.h */ = {isa = PBXFileReference; fileEncoding = 4; lastKnownFileType = sourcecode.c.h; path = compile.h; sourceTree = "<group>"; };
		52CD2DAC1AC089CD006A0A68 /* data.h */ = {isa = PBXFileReference; fileEncoding = 4; lastKnownFileType = sourcecode.c.h; path = data.h; sourceTree = "<group>"; };
		52CD2DAD1AC089CD006A0A68 /* debug.h */ = {isa = PBXFileReference; fileEncoding = 4; lastKnownFileType = sourcecode.c.h; path = debug.h; sourceTree = "<group>"; };
		52CD2DAE1AC089CD006A0A68 /* dump.h */ = {isa = PBXFileReference; fileEncoding = 4; lastKnownFileType = sourcecode.c.h; path = dump.h; sourceTree = "<group>"; };
		52CD2DAF1AC089CD006A0A68 /* error.h */ = {isa = PBXFileReference; fileEncoding = 4; lastKnownFileType = sourcecode.c.h; path = error.h; sourceTree = "<group>"; };
		52CD2DB01AC089CD006A0A68 /* gc.h */ = {isa = PBXFileReference; fileEncoding = 4; lastKnownFileType = sourcecode.c.h; path = gc.h; sourceTree = "<group>"; };
		52CD2DB11AC089CD006A0A68 /* hash.h */ = {isa = PBXFileReference; fileEncoding = 4; lastKnownFileType = sourcecode.c.h; path = hash.h; sourceTree = "<group>"; };
		52CD2DB21AC089CD006A0A68 /* irep.h */ = {isa = PBXFileReference; fileEncoding = 4; lastKnownFileType = sourcecode.c.h; path = irep.h; sourceTree = "<group>"; };
		52CD2DB31AC089CD006A0A68 /* khash.h */ = {isa = PBXFileReference; fileEncoding = 4; lastKnownFileType = sourcecode.c.h; path = khash.h; sourceTree = "<group>"; };
		52CD2DB41AC089CD006A0A68 /* numeric.h */ = {isa = PBXFileReference; fileEncoding = 4; lastKnownFileType = sourcecode.c.h; path = numeric.h; sourceTree = "<group>"; };
		52CD2DB51AC089CD006A0A68 /* object.h */ = {isa = PBXFileReference; fileEncoding = 4; lastKnownFileType = sourcecode.c.h; path = object.h; sourceTree = "<group>"; };
		52CD2DB61AC089CD006A0A68 /* opcode.h */ = {isa = PBXFileReference; fileEncoding = 4; lastKnownFileType = sourcecode.c.h; path = opcode.h; sourceTree = "<group>"; };
		52CD2DB71AC089CD006A0A68 /* proc.h */ = {isa = PBXFileReference; fileEncoding = 4; lastKnownFileType = sourcecode.c.h; path = proc.h; sourceTree = "<group>"; };
		52CD2DB81AC089CD006A0A68 /* range.h */ = {isa = PBXFileReference; fileEncoding = 4; lastKnownFileType = sourcecode.c.h; path = range.h; sourceTree = "<group>"; };
		52CD2DB91AC089CD006A0A68 /* re.h */ = {isa = PBXFileReference; fileEncoding = 4; lastKnownFileType = sourcecode.c.h; path = re.h; sourceTree = "<group>"; };
		52CD2DBA1AC089CD006A0A68 /* string.h */ = {isa = PBXFileReference; fileEncoding = 4; lastKnownFileType = sourcecode.c.h; path = string.h; sourceTree = "<group>"; };
		52CD2DBB1AC089CD006A0A68 /* value.h */ = {isa = PBXFileReference; fileEncoding = 4; lastKnownFileType = sourcecode.c.h; path = value.h; sourceTree = "<group>"; };
		52CD2DBC1AC089CD006A0A68 /* variable.h */ = {isa = PBXFileReference; fileEncoding = 4; lastKnownFileType = sourcecode.c.h; path = variable.h; sourceTree = "<group>"; };
		52CD2DBD1AC089CD006A0A68 /* version.h */ = {isa = PBXFileReference; fileEncoding = 4; lastKnownFileType = sourcecode.c.h; path = version.h; sourceTree = "<group>"; };
		52CD2DBE1AC089CD006A0A68 /* mruby.h */ = {isa = PBXFileReference; fileEncoding = 4; lastKnownFileType = sourcecode.c.h; path = mruby.h; sourceTree = "<group>"; };
		52CD2DC01AC089CD006A0A68 /* array.c */ = {isa = PBXFileReference; fileEncoding = 4; lastKnownFileType = sourcecode.c.c; path = array.c; sourceTree = "<group>"; };
		52CD2DC11AC089CD006A0A68 /* backtrace.c */ = {isa = PBXFileReference; fileEncoding = 4; lastKnownFileType = sourcecode.c.c; path = backtrace.c; sourceTree = "<group>"; };
		52CD2DC21AC089CD006A0A68 /* class.c */ = {isa = PBXFileReference; fileEncoding = 4; lastKnownFileType = sourcecode.c.c; path = class.c; sourceTree = "<group>"; };
		52CD2DC31AC089CD006A0A68 /* codegen.c */ = {isa = PBXFileReference; fileEncoding = 4; lastKnownFileType = sourcecode.c.c; path = codegen.c; sourceTree = "<group>"; };
		52CD2DC41AC089CD006A0A68 /* compar.c */ = {isa = PBXFileReference; fileEncoding = 4; lastKnownFileType = sourcecode.c.c; path = compar.c; sourceTree = "<group>"; };
		52CD2DC51AC089CD006A0A68 /* crc.c */ = {isa = PBXFileReference; fileEncoding = 4; lastKnownFileType = sourcecode.c.c; path = crc.c; sourceTree = "<group>"; };
		52CD2DC61AC089CD006A0A68 /* debug.c */ = {isa = PBXFileReference; fileEncoding = 4; lastKnownFileType = sourcecode.c.c; path = debug.c; sourceTree = "<group>"; };
		52CD2DC71AC089CD006A0A68 /* dump.c */ = {isa = PBXFileReference; fileEncoding = 4; lastKnownFileType = sourcecode.c.c; path = dump.c; sourceTree = "<group>"; };
		52CD2DC81AC089CD006A0A68 /* enum.c */ = {isa = PBXFileReference; fileEncoding = 4; lastKnownFileType = sourcecode.c.c; path = enum.c; sourceTree = "<group>"; };
		52CD2DC91AC089CD006A0A68 /* error.c */ = {isa = PBXFileReference; fileEncoding = 4; lastKnownFileType = sourcecode.c.c; path = error.c; sourceTree = "<group>"; };
		52CD2DCA1AC089CD006A0A68 /* error.h */ = {isa = PBXFileReference; fileEncoding = 4; lastKnownFileType = sourcecode.c.h; path = error.h; sourceTree = "<group>"; };
		52CD2DCB1AC089CD006A0A68 /* etc.c */ = {isa = PBXFileReference; fileEncoding = 4; lastKnownFileType = sourcecode.c.c; path = etc.c; sourceTree = "<group>"; };
		52CD2DCD1AC089CD006A0A68 /* .gitkeep */ = {isa = PBXFileReference; fileEncoding = 4; lastKnownFileType = text; path = .gitkeep; sourceTree = "<group>"; };
		52CD2DCE1AC089CD006A0A68 /* gc.c */ = {isa = PBXFileReference; fileEncoding = 4; lastKnownFileType = sourcecode.c.c; path = gc.c; sourceTree = "<group>"; };
		52CD2DCF1AC089CD006A0A68 /* hash.c */ = {isa = PBXFileReference; fileEncoding = 4; lastKnownFileType = sourcecode.c.c; path = hash.c; sourceTree = "<group>"; };
		52CD2DD01AC089CD006A0A68 /* init.c */ = {isa = PBXFileReference; fileEncoding = 4; lastKnownFileType = sourcecode.c.c; path = init.c; sourceTree = "<group>"; };
		52CD2DD11AC089CD006A0A68 /* kernel.c */ = {isa = PBXFileReference; fileEncoding = 4; lastKnownFileType = sourcecode.c.c; path = kernel.c; sourceTree = "<group>"; };
		52CD2DD21AC089CD006A0A68 /* keywords */ = {isa = PBXFileReference; fileEncoding = 4; lastKnownFileType = text; path = keywords; sourceTree = "<group>"; };
		52CD2DD31AC089CD006A0A68 /* load.c */ = {isa = PBXFileReference; fileEncoding = 4; lastKnownFileType = sourcecode.c.c; path = load.c; sourceTree = "<group>"; };
		52CD2DD41AC089CD006A0A68 /* mrb_throw.h */ = {isa = PBXFileReference; fileEncoding = 4; lastKnownFileType = sourcecode.c.h; path = mrb_throw.h; sourceTree = "<group>"; };
		52CD2DD51AC089CD006A0A68 /* mruby_core.rake */ = {isa = PBXFileReference; fileEncoding = 4; lastKnownFileType = text; path = mruby_core.rake; sourceTree = "<group>"; };
		52CD2DD61AC089CD006A0A68 /* node.h */ = {isa = PBXFileReference; fileEncoding = 4; lastKnownFileType = sourcecode.c.h; path = node.h; sourceTree = "<group>"; };
		52CD2DD71AC089CD006A0A68 /* numeric.c */ = {isa = PBXFileReference; fileEncoding = 4; lastKnownFileType = sourcecode.c.c; path = numeric.c; sourceTree = "<group>"; };
		52CD2DD81AC089CD006A0A68 /* object.c */ = {isa = PBXFileReference; fileEncoding = 4; lastKnownFileType = sourcecode.c.c; path = object.c; sourceTree = "<group>"; };
		52CD2DD91AC089CD006A0A68 /* opcode.h */ = {isa = PBXFileReference; fileEncoding = 4; lastKnownFileType = sourcecode.c.h; path = opcode.h; sourceTree = "<group>"; };
		52CD2DDA1AC089CD006A0A68 /* pool.c */ = {isa = PBXFileReference; fileEncoding = 4; lastKnownFileType = sourcecode.c.c; path = pool.c; sourceTree = "<group>"; };
		52CD2DDB1AC089CD006A0A68 /* print.c */ = {isa = PBXFileReference; fileEncoding = 4; lastKnownFileType = sourcecode.c.c; path = print.c; sourceTree = "<group>"; };
		52CD2DDC1AC089CD006A0A68 /* proc.c */ = {isa = PBXFileReference; fileEncoding = 4; lastKnownFileType = sourcecode.c.c; path = proc.c; sourceTree = "<group>"; };
		52CD2DDD1AC089CD006A0A68 /* range.c */ = {isa = PBXFileReference; fileEncoding = 4; lastKnownFileType = sourcecode.c.c; path = range.c; sourceTree = "<group>"; };
		52CD2DDE1AC089CD006A0A68 /* state.c */ = {isa = PBXFileReference; fileEncoding = 4; lastKnownFileType = sourcecode.c.c; path = state.c; sourceTree = "<group>"; };
		52CD2DDF1AC089CD006A0A68 /* string.c */ = {isa = PBXFileReference; fileEncoding = 4; lastKnownFileType = sourcecode.c.c; path = string.c; sourceTree = "<group>"; };
		52CD2DE01AC089CD006A0A68 /* symbol.c */ = {isa = PBXFileReference; fileEncoding = 4; lastKnownFileType = sourcecode.c.c; path = symbol.c; sourceTree = "<group>"; };
		52CD2DE11AC089CD006A0A68 /* value_array.h */ = {isa = PBXFileReference; fileEncoding = 4; lastKnownFileType = sourcecode.c.h; path = value_array.h; sourceTree = "<group>"; };
		52CD2DE21AC089CD006A0A68 /* variable.c */ = {isa = PBXFileReference; fileEncoding = 4; lastKnownFileType = sourcecode.c.c; path = variable.c; sourceTree = "<group>"; };
		52CD2DE31AC089CD006A0A68 /* version.c */ = {isa = PBXFileReference; fileEncoding = 4; lastKnownFileType = sourcecode.c.c; path = version.c; sourceTree = "<group>"; };
		52CD2DE41AC089CD006A0A68 /* vm.c */ = {isa = PBXFileReference; fileEncoding = 4; lastKnownFileType = sourcecode.c.c; path = vm.c; sourceTree = "<group>"; };
		52DB1C0019A3C06500D43F2A /* Touch.cpp */ = {isa = PBXFileReference; fileEncoding = 4; lastKnownFileType = sourcecode.cpp.cpp; name = Touch.cpp; path = rubykokuban/Touch.cpp; sourceTree = "<group>"; };
		52DB1C0119A3C06500D43F2A /* Touch.hpp */ = {isa = PBXFileReference; fileEncoding = 4; lastKnownFileType = sourcecode.cpp.h; name = Touch.hpp; path = rubykokuban/Touch.hpp; sourceTree = "<group>"; };
		52DB1C0219A3C06500D43F2A /* TouchPoint.hpp */ = {isa = PBXFileReference; fileEncoding = 4; lastKnownFileType = sourcecode.cpp.h; name = TouchPoint.hpp; path = rubykokuban/TouchPoint.hpp; sourceTree = "<group>"; };
		52E087751998AF1700F3A293 /* HelpViewController.h */ = {isa = PBXFileReference; fileEncoding = 4; lastKnownFileType = sourcecode.c.h; path = HelpViewController.h; sourceTree = "<group>"; };
		52E087761998AF1700F3A293 /* HelpViewController.mm */ = {isa = PBXFileReference; fileEncoding = 4; lastKnownFileType = sourcecode.cpp.objcpp; path = HelpViewController.mm; sourceTree = "<group>"; };
		5326AEA710A23A0500278DE6 /* CoreLocation.framework */ = {isa = PBXFileReference; lastKnownFileType = wrapper.framework; name = CoreLocation.framework; path = System/Library/Frameworks/CoreLocation.framework; sourceTree = SDKROOT; };
		53F323EA10A20EDB00E0DAE4 /* OpenAL.framework */ = {isa = PBXFileReference; lastKnownFileType = wrapper.framework; name = OpenAL.framework; path = System/Library/Frameworks/OpenAL.framework; sourceTree = SDKROOT; };
		BB16EBD10F2B2A9500518274 /* OpenGLES.framework */ = {isa = PBXFileReference; lastKnownFileType = wrapper.framework; name = OpenGLES.framework; path = System/Library/Frameworks/OpenGLES.framework; sourceTree = SDKROOT; };
		BB16EBD80F2B2AB500518274 /* QuartzCore.framework */ = {isa = PBXFileReference; lastKnownFileType = wrapper.framework; name = QuartzCore.framework; path = System/Library/Frameworks/QuartzCore.framework; sourceTree = SDKROOT; };
		BB24DDC910DA781C00E9C588 /* ofxiOS-Info.plist */ = {isa = PBXFileReference; fileEncoding = 4; lastKnownFileType = text.plist.xml; path = "ofxiOS-Info.plist"; sourceTree = "<group>"; };
		BBE5EAB70F49AD8400F28951 /* AudioToolbox.framework */ = {isa = PBXFileReference; lastKnownFileType = wrapper.framework; name = AudioToolbox.framework; path = System/Library/Frameworks/AudioToolbox.framework; sourceTree = SDKROOT; };
		E41D3ED613B38FB500A75A5D /* Project.xcconfig */ = {isa = PBXFileReference; fileEncoding = 4; lastKnownFileType = text.xcconfig; path = Project.xcconfig; sourceTree = "<group>"; };
		E41D3EE513B3906D00A75A5D /* CoreOF.xcconfig */ = {isa = PBXFileReference; fileEncoding = 4; lastKnownFileType = text.xcconfig; name = CoreOF.xcconfig; path = ../../../libs/openFrameworksCompiled/project/ios/CoreOF.xcconfig; sourceTree = SOURCE_ROOT; };
		E41D400613B39D2100A75A5D /* AVFoundation.framework */ = {isa = PBXFileReference; lastKnownFileType = wrapper.framework; name = AVFoundation.framework; path = System/Library/Frameworks/AVFoundation.framework; sourceTree = SDKROOT; };
		E41D400713B39D2100A75A5D /* CoreMedia.framework */ = {isa = PBXFileReference; lastKnownFileType = wrapper.framework; name = CoreMedia.framework; path = System/Library/Frameworks/CoreMedia.framework; sourceTree = SDKROOT; };
		E41D400813B39D2100A75A5D /* CoreVideo.framework */ = {isa = PBXFileReference; lastKnownFileType = wrapper.framework; name = CoreVideo.framework; path = System/Library/Frameworks/CoreVideo.framework; sourceTree = SDKROOT; };
		E41D400913B39D2100A75A5D /* MapKit.framework */ = {isa = PBXFileReference; lastKnownFileType = wrapper.framework; name = MapKit.framework; path = System/Library/Frameworks/MapKit.framework; sourceTree = SDKROOT; };
		E41D40FD13B3A0D800A75A5D /* iOS+OFLib.xcodeproj */ = {isa = PBXFileReference; lastKnownFileType = "wrapper.pb-project"; name = "iOS+OFLib.xcodeproj"; path = "../../../libs/openFrameworksCompiled/project/ios/iOS+OFLib.xcodeproj"; sourceTree = SOURCE_ROOT; };
		E4A823A312561BE3002F86A2 /* CoreGraphics.framework */ = {isa = PBXFileReference; lastKnownFileType = wrapper.framework; name = CoreGraphics.framework; path = System/Library/Frameworks/CoreGraphics.framework; sourceTree = SDKROOT; };
		E4D8936B11527B74007E1F53 /* main.mm */ = {isa = PBXFileReference; fileEncoding = 4; lastKnownFileType = sourcecode.cpp.objcpp; name = main.mm; path = src/main.mm; sourceTree = SOURCE_ROOT; };
/* End PBXFileReference section */

/* Begin PBXFrameworksBuildPhase section */
		1D60588F0D05DD3D006BFB54 /* Frameworks */ = {
			isa = PBXFrameworksBuildPhase;
			buildActionMask = 2147483647;
			files = (
				E41D421413B3A95300A75A5D /* libofxiOS_iphoneos_Debug.a in Frameworks */,
				1D60589F0D05DD5A006BFB54 /* Foundation.framework in Frameworks */,
				1DF5F4E00D08C38300B7A737 /* UIKit.framework in Frameworks */,
				288765FD0DF74451002DB57D /* CoreGraphics.framework in Frameworks */,
				BB16EBD20F2B2A9500518274 /* OpenGLES.framework in Frameworks */,
				BB16EBD90F2B2AB500518274 /* QuartzCore.framework in Frameworks */,
				BBE5EAB80F49AD8400F28951 /* AudioToolbox.framework in Frameworks */,
				53F323EB10A20EDB00E0DAE4 /* OpenAL.framework in Frameworks */,
				5326AEA810A23A0500278DE6 /* CoreLocation.framework in Frameworks */,
				E4A823A412561BE3002F86A2 /* CoreGraphics.framework in Frameworks */,
				E41D400B13B39D2100A75A5D /* AVFoundation.framework in Frameworks */,
				E41D400C13B39D2100A75A5D /* CoreMedia.framework in Frameworks */,
				E41D400D13B39D2100A75A5D /* CoreVideo.framework in Frameworks */,
				E41D400E13B39D2100A75A5D /* MapKit.framework in Frameworks */,
			);
			runOnlyForDeploymentPostprocessing = 0;
		};
/* End PBXFrameworksBuildPhase section */

/* Begin PBXGroup section */
		19C28FACFE9D520D11CA2CBB /* Products */ = {
			isa = PBXGroup;
			children = (
				1D6058910D05DD3D006BFB54 /* ofruby.app */,
			);
			name = Products;
			sourceTree = "<group>";
		};
		29B97314FDCFA39411CA2CEA /* CustomTemplate */ = {
			isa = PBXGroup;
			children = (
				5205E7E119A1A73F00C09DC5 /* Images.xcassets */,
				E4D8936A11527B74007E1F53 /* src */,
				525E0DF61995D05C00C18947 /* resources */,
				BB24E1F710DAA51900E9C588 /* openFrameworks */,
				BB16F26B0F2B646B00518274 /* addons */,
				BB16E9930F2B1E5900518274 /* libs */,
				19C28FACFE9D520D11CA2CBB /* Products */,
			);
			name = CustomTemplate;
			sourceTree = "<group>";
		};
		29B97323FDCFA39411CA2CEA /* core frameworks */ = {
			isa = PBXGroup;
			children = (
				E41D400613B39D2100A75A5D /* AVFoundation.framework */,
				E41D400713B39D2100A75A5D /* CoreMedia.framework */,
				E41D400813B39D2100A75A5D /* CoreVideo.framework */,
				E41D400913B39D2100A75A5D /* MapKit.framework */,
				53F323EA10A20EDB00E0DAE4 /* OpenAL.framework */,
				E4A823A312561BE3002F86A2 /* CoreGraphics.framework */,
				BBE5EAB70F49AD8400F28951 /* AudioToolbox.framework */,
				BB16EBD80F2B2AB500518274 /* QuartzCore.framework */,
				BB16EBD10F2B2A9500518274 /* OpenGLES.framework */,
				1DF5F4DF0D08C38300B7A737 /* UIKit.framework */,
				1D30AB110D05D00D00671497 /* Foundation.framework */,
				288765FC0DF74451002DB57D /* CoreGraphics.framework */,
				5326AEA710A23A0500278DE6 /* CoreLocation.framework */,
			);
			name = "core frameworks";
			sourceTree = "<group>";
		};
		525E0DF61995D05C00C18947 /* resources */ = {
			isa = PBXGroup;
			children = (
				52B87B131A7C98790067183F /* sample */,
				52BBFAA61A4DB29B00D31C5E /* images */,
			);
			path = resources;
			sourceTree = "<group>";
		};
		52BBFAA61A4DB29B00D31C5E /* images */ = {
			isa = PBXGroup;
			children = (
				52BBFAA91A4DB6F500D31C5E /* tabbar_samples.png */,
				52BBFAA71A4DB29B00D31C5E /* tabbar_files.png */,
			);
			path = images;
			sourceTree = "<group>";
		};
		52C2859A1995C60B00A6BF47 /* rubykokuban */ = {
			isa = PBXGroup;
			children = (
				527EB38719AA0D4A003224BC /* BindTouchPoint.cpp */,
				527EB38819AA0D4A003224BC /* BindTouchPoint.hpp */,
				52C2859B1995C60B00A6BF47 /* Bind.cpp */,
				52C2859C1995C60B00A6BF47 /* Bind.hpp */,
				52C2859D1995C60B00A6BF47 /* BindApplication.cpp */,
				52C2859E1995C60B00A6BF47 /* BindColor.cpp */,
				52C2859F1995C60B00A6BF47 /* BindColor.hpp */,
				52C285A01995C60B00A6BF47 /* BindGraphics.cpp */,
				52C285A11995C60B00A6BF47 /* BindImage.mm */,
				52C285A21995C60B00A6BF47 /* BindImage.hpp */,
				52C285A31995C60B00A6BF47 /* BindInput.cpp */,
				52C285A41995C60B00A6BF47 /* BindInput.hpp */,
				52C285A51995C60B00A6BF47 /* BindMath.cpp */,
				52C285A61995C60B00A6BF47 /* Input.cpp */,
				52C285A71995C60B00A6BF47 /* Input.hpp */,
				52C285A81995C60B00A6BF47 /* Mouse.cpp */,
				52C285A91995C60B00A6BF47 /* Mouse.hpp */,
				52C285AA1995C60B00A6BF47 /* ScriptEngine.cpp */,
				52C285AB1995C60B00A6BF47 /* ScriptEngine.hpp */,
			);
			path = rubykokuban;
			sourceTree = "<group>";
		};
		52CD2D9B1AC089CD006A0A68 /* mruby */ = {
			isa = PBXGroup;
			children = (
				52CD2D9C1AC089CD006A0A68 /* gem */,
				52CD2D9E1AC089CD006A0A68 /* gen */,
				52CD2DA21AC089CD006A0A68 /* include */,
				52CD2DBF1AC089CD006A0A68 /* src */,
			);
			path = mruby;
			sourceTree = "<group>";
		};
		52CD2D9C1AC089CD006A0A68 /* gem */ = {
			isa = PBXGroup;
			children = (
				52CD2D9D1AC089CD006A0A68 /* math.c */,
			);
			path = gem;
			sourceTree = "<group>";
		};
		52CD2D9E1AC089CD006A0A68 /* gen */ = {
			isa = PBXGroup;
			children = (
				52CD2D9F1AC089CD006A0A68 /* gem */,
				52CD2DA01AC089CD006A0A68 /* mrblib.c */,
				52CD2DA11AC089CD006A0A68 /* y.tab.c */,
			);
			path = gen;
			sourceTree = "<group>";
		};
		52CD2D9F1AC089CD006A0A68 /* gem */ = {
			isa = PBXGroup;
			children = (
			);
			path = gem;
			sourceTree = "<group>";
		};
		52CD2DA21AC089CD006A0A68 /* include */ = {
			isa = PBXGroup;
			children = (
				52CD2DA31AC089CD006A0A68 /* lex.def */,
				52CD2DA41AC089CD006A0A68 /* mrbconf.h */,
				52CD2DA51AC089CD006A0A68 /* mruby */,
				52CD2DBE1AC089CD006A0A68 /* mruby.h */,
			);
			path = include;
			sourceTree = "<group>";
		};
		52CD2DA51AC089CD006A0A68 /* mruby */ = {
			isa = PBXGroup;
			children = (
				52CD2DA61AC089CD006A0A68 /* array.h */,
				52CD2DA71AC089CD006A0A68 /* boxing_nan.h */,
				52CD2DA81AC089CD006A0A68 /* boxing_no.h */,
				52CD2DA91AC089CD006A0A68 /* boxing_word.h */,
				52CD2DAA1AC089CD006A0A68 /* class.h */,
				52CD2DAB1AC089CD006A0A68 /* compile.h */,
				52CD2DAC1AC089CD006A0A68 /* data.h */,
				52CD2DAD1AC089CD006A0A68 /* debug.h */,
				52CD2DAE1AC089CD006A0A68 /* dump.h */,
				52CD2DAF1AC089CD006A0A68 /* error.h */,
				52CD2DB01AC089CD006A0A68 /* gc.h */,
				52CD2DB11AC089CD006A0A68 /* hash.h */,
				52CD2DB21AC089CD006A0A68 /* irep.h */,
				52CD2DB31AC089CD006A0A68 /* khash.h */,
				52CD2DB41AC089CD006A0A68 /* numeric.h */,
				52CD2DB51AC089CD006A0A68 /* object.h */,
				52CD2DB61AC089CD006A0A68 /* opcode.h */,
				52CD2DB71AC089CD006A0A68 /* proc.h */,
				52CD2DB81AC089CD006A0A68 /* range.h */,
				52CD2DB91AC089CD006A0A68 /* re.h */,
				52CD2DBA1AC089CD006A0A68 /* string.h */,
				52CD2DBB1AC089CD006A0A68 /* value.h */,
				52CD2DBC1AC089CD006A0A68 /* variable.h */,
				52CD2DBD1AC089CD006A0A68 /* version.h */,
			);
			path = mruby;
			sourceTree = "<group>";
		};
		52CD2DBF1AC089CD006A0A68 /* src */ = {
			isa = PBXGroup;
			children = (
				52CD2DC01AC089CD006A0A68 /* array.c */,
				52CD2DC11AC089CD006A0A68 /* backtrace.c */,
				52CD2DC21AC089CD006A0A68 /* class.c */,
				52CD2DC31AC089CD006A0A68 /* codegen.c */,
				52CD2DC41AC089CD006A0A68 /* compar.c */,
				52CD2DC51AC089CD006A0A68 /* crc.c */,
				52CD2DC61AC089CD006A0A68 /* debug.c */,
				52CD2DC71AC089CD006A0A68 /* dump.c */,
				52CD2DC81AC089CD006A0A68 /* enum.c */,
				52CD2DC91AC089CD006A0A68 /* error.c */,
				52CD2DCA1AC089CD006A0A68 /* error.h */,
				52CD2DCB1AC089CD006A0A68 /* etc.c */,
				52CD2DCC1AC089CD006A0A68 /* ext */,
				52CD2DCE1AC089CD006A0A68 /* gc.c */,
				52CD2DCF1AC089CD006A0A68 /* hash.c */,
				52CD2DD01AC089CD006A0A68 /* init.c */,
				52CD2DD11AC089CD006A0A68 /* kernel.c */,
				52CD2DD21AC089CD006A0A68 /* keywords */,
				52CD2DD31AC089CD006A0A68 /* load.c */,
				52CD2DD41AC089CD006A0A68 /* mrb_throw.h */,
				52CD2DD51AC089CD006A0A68 /* mruby_core.rake */,
				52CD2DD61AC089CD006A0A68 /* node.h */,
				52CD2DD71AC089CD006A0A68 /* numeric.c */,
				52CD2DD81AC089CD006A0A68 /* object.c */,
				52CD2DD91AC089CD006A0A68 /* opcode.h */,
				52CD2DDA1AC089CD006A0A68 /* pool.c */,
				52CD2DDB1AC089CD006A0A68 /* print.c */,
				52CD2DDC1AC089CD006A0A68 /* proc.c */,
				52CD2DDD1AC089CD006A0A68 /* range.c */,
				52CD2DDE1AC089CD006A0A68 /* state.c */,
				52CD2DDF1AC089CD006A0A68 /* string.c */,
				52CD2DE01AC089CD006A0A68 /* symbol.c */,
				52CD2DE11AC089CD006A0A68 /* value_array.h */,
				52CD2DE21AC089CD006A0A68 /* variable.c */,
				52CD2DE31AC089CD006A0A68 /* version.c */,
				52CD2DE41AC089CD006A0A68 /* vm.c */,
			);
			path = src;
			sourceTree = "<group>";
		};
		52CD2DCC1AC089CD006A0A68 /* ext */ = {
			isa = PBXGroup;
			children = (
				52CD2DCD1AC089CD006A0A68 /* .gitkeep */,
			);
			path = ext;
			sourceTree = "<group>";
		};
		BB16E9930F2B1E5900518274 /* libs */ = {
			isa = PBXGroup;
			children = (
				BBE5E94E0F497BD800F28951 /* core */,
			);
			name = libs;
			sourceTree = "<group>";
		};
		BB16F26B0F2B646B00518274 /* addons */ = {
			isa = PBXGroup;
			children = (
			);
			name = addons;
			sourceTree = "<group>";
		};
		BB24E1F710DAA51900E9C588 /* openFrameworks */ = {
			isa = PBXGroup;
			children = (
				E41D40FD13B3A0D800A75A5D /* iOS+OFLib.xcodeproj */,
				32CA4F630368D1EE00C91783 /* ofxiOS_Prefix.pch */,
				BB24DDC910DA781C00E9C588 /* ofxiOS-Info.plist */,
				E41D3EE513B3906D00A75A5D /* CoreOF.xcconfig */,
				E41D3ED613B38FB500A75A5D /* Project.xcconfig */,
			);
			name = openFrameworks;
			sourceTree = "<group>";
		};
		BBE5E94E0F497BD800F28951 /* core */ = {
			isa = PBXGroup;
			children = (
				29B97323FDCFA39411CA2CEA /* core frameworks */,
			);
			name = core;
			sourceTree = "<group>";
		};
		E41D40FE13B3A0D800A75A5D /* Products */ = {
			isa = PBXGroup;
			children = (
				E41D410213B3A0D800A75A5D /* libofxiOS_iphoneos_Debug.a */,
			);
			name = Products;
			sourceTree = "<group>";
		};
		E4D8936A11527B74007E1F53 /* src */ = {
			isa = PBXGroup;
			children = (
				5238A7561AF1C5BD008520F7 /* SyntaxHighlighter.h */,
				5238A7571AF1C5BD008520F7 /* SyntaxHighlighter.m */,
				52DB1C0019A3C06500D43F2A /* Touch.cpp */,
				52DB1C0119A3C06500D43F2A /* Touch.hpp */,
				52DB1C0219A3C06500D43F2A /* TouchPoint.hpp */,
				525E0E0D199660AE00C18947 /* FCFileManager.h */,
				525E0E0E199660AE00C18947 /* FCFileManager.m */,
				525E0E07199614A000C18947 /* ScriptController.h */,
				525E0E08199614A000C18947 /* ScriptController.mm */,
				52C285DD1995C7FD00A6BF47 /* ScriptApp.h */,
				52C285DB1995C7AF00A6BF47 /* ScriptApp.mm */,
				52CD2D9B1AC089CD006A0A68 /* mruby */,
				52C2859A1995C60B00A6BF47 /* rubykokuban */,
				E4D8936B11527B74007E1F53 /* main.mm */,
				525E0DFC1995EF0C00C18947 /* AppDelegate.h */,
				525E0DFD1995EF0C00C18947 /* AppDelegate.m */,
				525E0E001995EF7B00C18947 /* SelectViewController.h */,
				525E0E011995EF7B00C18947 /* SelectViewController.mm */,
				52B87B151A7DDA340067183F /* FileViewController.h */,
				52B87B161A7DDA340067183F /* FileViewController.mm */,
				52B87B101A7C92590067183F /* SampleViewController.h */,
				52B87B111A7C92590067183F /* SampleViewController.mm */,
				525E0E0A1996369E00C18947 /* EditViewController.h */,
				525E0E0B1996369E00C18947 /* EditViewController.mm */,
				52E087751998AF1700F3A293 /* HelpViewController.h */,
				52E087761998AF1700F3A293 /* HelpViewController.mm */,
			);
			path = src;
			sourceTree = SOURCE_ROOT;
		};
/* End PBXGroup section */

/* Begin PBXNativeTarget section */
		1D6058900D05DD3D006BFB54 /* ofruby */ = {
			isa = PBXNativeTarget;
			buildConfigurationList = 1D6058960D05DD3E006BFB54 /* Build configuration list for PBXNativeTarget "ofruby" */;
			buildPhases = (
				1D60588D0D05DD3D006BFB54 /* Resources */,
				1D60588E0D05DD3D006BFB54 /* Sources */,
				1D60588F0D05DD3D006BFB54 /* Frameworks */,
				9255DD331112741900D6945E /* ShellScript */,
			);
			buildRules = (
			);
			dependencies = (
				E41D410413B3A11300A75A5D /* PBXTargetDependency */,
			);
			name = ofruby;
			productName = iPhone;
			productReference = 1D6058910D05DD3D006BFB54 /* ofruby.app */;
			productType = "com.apple.product-type.application";
		};
/* End PBXNativeTarget section */

/* Begin PBXProject section */
		29B97313FDCFA39411CA2CEA /* Project object */ = {
			isa = PBXProject;
			attributes = {
				LastUpgradeCheck = 0460;
				TargetAttributes = {
					1D6058900D05DD3D006BFB54 = {
						DevelopmentTeam = LR2E2B5BKZ;
					};
				};
			};
			buildConfigurationList = C01FCF4E08A954540054247B /* Build configuration list for PBXProject "ofruby" */;
			compatibilityVersion = "Xcode 3.2";
			developmentRegion = English;
			hasScannedForEncodings = 1;
			knownRegions = (
				English,
				Japanese,
				French,
				German,
			);
			mainGroup = 29B97314FDCFA39411CA2CEA /* CustomTemplate */;
			projectDirPath = "";
			projectReferences = (
				{
					ProductGroup = E41D40FE13B3A0D800A75A5D /* Products */;
					ProjectRef = E41D40FD13B3A0D800A75A5D /* iOS+OFLib.xcodeproj */;
				},
			);
			projectRoot = "";
			targets = (
				1D6058900D05DD3D006BFB54 /* ofruby */,
			);
		};
/* End PBXProject section */

/* Begin PBXReferenceProxy section */
		E41D410213B3A0D800A75A5D /* libofxiOS_iphoneos_Debug.a */ = {
			isa = PBXReferenceProxy;
			fileType = archive.ar;
			path = libofxiOS_iphoneos_Debug.a;
			remoteRef = E41D410113B3A0D800A75A5D /* PBXContainerItemProxy */;
			sourceTree = BUILT_PRODUCTS_DIR;
		};
/* End PBXReferenceProxy section */

/* Begin PBXResourcesBuildPhase section */
		1D60588D0D05DD3D006BFB54 /* Resources */ = {
			isa = PBXResourcesBuildPhase;
			buildActionMask = 2147483647;
			files = (
				52B87B141A7C98790067183F /* sample in Resources */,
				E41D3ED713B38FB500A75A5D /* Project.xcconfig in Resources */,
				E41D3EE613B3906D00A75A5D /* CoreOF.xcconfig in Resources */,
				52BBFAA81A4DB29B00D31C5E /* tabbar_files.png in Resources */,
				52CD2DF41AC089CD006A0A68 /* .gitkeep in Resources */,
				52CD2DFB1AC089CD006A0A68 /* mruby_core.rake in Resources */,
				52BBFAAA1A4DB6F500D31C5E /* tabbar_samples.png in Resources */,
				52CD2DF91AC089CD006A0A68 /* keywords in Resources */,
				52CD2DE81AC089CD006A0A68 /* lex.def in Resources */,
				5205E7E219A1A73F00C09DC5 /* Images.xcassets in Resources */,
			);
			runOnlyForDeploymentPostprocessing = 0;
		};
/* End PBXResourcesBuildPhase section */

/* Begin PBXShellScriptBuildPhase section */
		9255DD331112741900D6945E /* ShellScript */ = {
			isa = PBXShellScriptBuildPhase;
			buildActionMask = 2147483647;
			files = (
			);
			inputPaths = (
			);
			outputPaths = (
			);
			runOnlyForDeploymentPostprocessing = 0;
			shellPath = /bin/sh;
			shellScript = "cp -rf bin/data/ \"$TARGET_BUILD_DIR/$PRODUCT_NAME.app\"\n";
		};
/* End PBXShellScriptBuildPhase section */

/* Begin PBXSourcesBuildPhase section */
		1D60588E0D05DD3D006BFB54 /* Sources */ = {
			isa = PBXSourcesBuildPhase;
			buildActionMask = 2147483647;
			files = (
				52CD2DF01AC089CD006A0A68 /* dump.c in Sources */,
				52B87B121A7C92590067183F /* SampleViewController.mm in Sources */,
				52CD2E061AC089CD006A0A68 /* version.c in Sources */,
				52DB1C0319A3C06500D43F2A /* Touch.cpp in Sources */,
				52CD2DF11AC089CD006A0A68 /* enum.c in Sources */,
				52CD2DF21AC089CD006A0A68 /* error.c in Sources */,
				52CD2DE91AC089CD006A0A68 /* array.c in Sources */,
				52CD2DFE1AC089CD006A0A68 /* pool.c in Sources */,
				52CD2DE51AC089CD006A0A68 /* math.c in Sources */,
				52CD2DF81AC089CD006A0A68 /* kernel.c in Sources */,
				52CD2DEC1AC089CD006A0A68 /* codegen.c in Sources */,
				52CD2DE71AC089CD006A0A68 /* y.tab.c in Sources */,
				52CD2E071AC089CD006A0A68 /* vm.c in Sources */,
				52CD2DE61AC089CD006A0A68 /* mrblib.c in Sources */,
				E4D8936E11527B74007E1F53 /* main.mm in Sources */,
				525E0E0C1996369E00C18947 /* EditViewController.mm in Sources */,
				52CD2E011AC089CD006A0A68 /* range.c in Sources */,
				525E0E021995EF7B00C18947 /* SelectViewController.mm in Sources */,
				52CD2DFC1AC089CD006A0A68 /* numeric.c in Sources */,
				525E0E0F199660AE00C18947 /* FCFileManager.m in Sources */,
				52C285D21995C60B00A6BF47 /* BindColor.cpp in Sources */,
				52C285D51995C60B00A6BF47 /* BindInput.cpp in Sources */,
				52B87B171A7DDA340067183F /* FileViewController.mm in Sources */,
				52C285D91995C60B00A6BF47 /* ScriptEngine.cpp in Sources */,
				52CD2DF31AC089CD006A0A68 /* etc.c in Sources */,
				52CD2DEF1AC089CD006A0A68 /* debug.c in Sources */,
				52CD2DEB1AC089CD006A0A68 /* class.c in Sources */,
				52C285D61995C60B00A6BF47 /* BindMath.cpp in Sources */,
				525E0E09199614A000C18947 /* ScriptController.mm in Sources */,
				52C285DC1995C7AF00A6BF47 /* ScriptApp.mm in Sources */,
				525E0DFE1995EF0C00C18947 /* AppDelegate.m in Sources */,
				52CD2E031AC089CD006A0A68 /* string.c in Sources */,
				52CD2DFF1AC089CD006A0A68 /* print.c in Sources */,
				52C285D31995C60B00A6BF47 /* BindGraphics.cpp in Sources */,
				52CD2DFA1AC089CD006A0A68 /* load.c in Sources */,
				52C285D11995C60B00A6BF47 /* BindApplication.cpp in Sources */,
				52C285D71995C60B00A6BF47 /* Input.cpp in Sources */,
				52CD2DFD1AC089CD006A0A68 /* object.c in Sources */,
				5238A7581AF1C5BD008520F7 /* SyntaxHighlighter.m in Sources */,
				52C285D81995C60B00A6BF47 /* Mouse.cpp in Sources */,
				52CD2DF61AC089CD006A0A68 /* hash.c in Sources */,
				52CD2E051AC089CD006A0A68 /* variable.c in Sources */,
				52CD2DED1AC089CD006A0A68 /* compar.c in Sources */,
				52CD2E001AC089CD006A0A68 /* proc.c in Sources */,
				527EB38919AA0D4A003224BC /* BindTouchPoint.cpp in Sources */,
				52C285D41995C60B00A6BF47 /* BindImage.mm in Sources */,
				52CD2DEA1AC089CD006A0A68 /* backtrace.c in Sources */,
				52CD2DF51AC089CD006A0A68 /* gc.c in Sources */,
				52CD2DF71AC089CD006A0A68 /* init.c in Sources */,
				52CD2E021AC089CD006A0A68 /* state.c in Sources */,
				52CD2DEE1AC089CD006A0A68 /* crc.c in Sources */,
				52C285D01995C60B00A6BF47 /* Bind.cpp in Sources */,
				52E087771998AF1700F3A293 /* HelpViewController.mm in Sources */,
				52CD2E041AC089CD006A0A68 /* symbol.c in Sources */,
			);
			runOnlyForDeploymentPostprocessing = 0;
		};
/* End PBXSourcesBuildPhase section */

/* Begin PBXTargetDependency section */
		E41D410413B3A11300A75A5D /* PBXTargetDependency */ = {
			isa = PBXTargetDependency;
			name = "iPhone+OF Static Library";
			targetProxy = E41D410313B3A11300A75A5D /* PBXContainerItemProxy */;
		};
/* End PBXTargetDependency section */

/* Begin XCBuildConfiguration section */
		1D6058940D05DD3E006BFB54 /* Debug */ = {
			isa = XCBuildConfiguration;
			buildSettings = {
				ALWAYS_SEARCH_USER_PATHS = NO;
				ASSETCATALOG_COMPILER_APPICON_NAME = AppIcon;
				ASSETCATALOG_COMPILER_LAUNCHIMAGE_NAME = LaunchImage;
				CODE_SIGN_IDENTITY = "iPhone Developer";
				"CODE_SIGN_IDENTITY[sdk=iphoneos*]" = "iPhone Developer";
				GCC_PRECOMPILE_PREFIX_HEADER = YES;
				GCC_PREFIX_HEADER = ofxiOS_Prefix.pch;
				HEADER_SEARCH_PATHS = (
					"$(OF_CORE_HEADERS)",
					src,
					src/mruby/include,
				);
				INFOPLIST_FILE = "ofxiOS-Info.plist";
				IPHONEOS_DEPLOYMENT_TARGET = 5.0;
				PRODUCT_NAME = "${TARGET_NAME}";
				PROVISIONING_PROFILE = "";
				VALID_ARCHS = "armv6 armv7";
			};
			name = Debug;
		};
		1D6058950D05DD3E006BFB54 /* Release */ = {
			isa = XCBuildConfiguration;
			buildSettings = {
				ALWAYS_SEARCH_USER_PATHS = NO;
				ASSETCATALOG_COMPILER_APPICON_NAME = AppIcon;
				ASSETCATALOG_COMPILER_LAUNCHIMAGE_NAME = LaunchImage;
				CODE_SIGN_IDENTITY = "iPhone Developer";
				"CODE_SIGN_IDENTITY[sdk=iphoneos*]" = "iPhone Developer";
				GCC_PRECOMPILE_PREFIX_HEADER = YES;
				GCC_PREFIX_HEADER = ofxiOS_Prefix.pch;
				HEADER_SEARCH_PATHS = (
					"$(OF_CORE_HEADERS)",
					src,
					src/mruby/include,
				);
				INFOPLIST_FILE = "ofxiOS-Info.plist";
				IPHONEOS_DEPLOYMENT_TARGET = 5.0;
				PRODUCT_NAME = "${TARGET_NAME}";
				PROVISIONING_PROFILE = "";
				VALID_ARCHS = "armv6 armv7";
			};
			name = Release;
		};
		C01FCF4F08A954540054247B /* Debug */ = {
			isa = XCBuildConfiguration;
			baseConfigurationReference = E41D3ED613B38FB500A75A5D /* Project.xcconfig */;
			buildSettings = {
				ALWAYS_SEARCH_USER_PATHS = YES;
				ARCHS = "$(ARCHS_STANDARD_32_BIT)";
				CLANG_CXX_LIBRARY = "libstdc++";
				CLANG_ENABLE_OBJC_ARC = YES;
				CODE_SIGN_IDENTITY = "iPhone Developer";
				"CODE_SIGN_IDENTITY[sdk=iphoneos*]" = "iPhone Developer";
				COMPRESS_PNG_FILES = NO;
				GCC_C_LANGUAGE_STANDARD = c99;
				GCC_OPTIMIZATION_LEVEL = 0;
				GCC_SYMBOLS_PRIVATE_EXTERN = NO;
				GCC_WARN_ABOUT_INVALID_OFFSETOF_MACRO = NO;
				GCC_WARN_ABOUT_POINTER_SIGNEDNESS = NO;
				GCC_WARN_ABOUT_RETURN_TYPE = YES;
				GCC_WARN_ALLOW_INCOMPLETE_PROTOCOL = NO;
				GCC_WARN_PROTOTYPE_CONVERSION = NO;
				GCC_WARN_UNUSED_VARIABLE = YES;
				IPHONEOS_DEPLOYMENT_TARGET = 3.1;
				ONLY_ACTIVE_ARCH = NO;
				"PROVISIONING_PROFILE[sdk=iphoneos*]" = "";
				SDKROOT = iphoneos;
				TARGETED_DEVICE_FAMILY = 1;
				WARNING_LDFLAGS = "-no_arch_warnings";
			};
			name = Debug;
		};
		C01FCF5008A954540054247B /* Release */ = {
			isa = XCBuildConfiguration;
			baseConfigurationReference = E41D3ED613B38FB500A75A5D /* Project.xcconfig */;
			buildSettings = {
				ALWAYS_SEARCH_USER_PATHS = YES;
				ARCHS = "$(ARCHS_STANDARD_32_BIT)";
				CLANG_CXX_LIBRARY = "libstdc++";
				CLANG_ENABLE_OBJC_ARC = YES;
				CODE_SIGN_IDENTITY = "iPhone Developer";
				"CODE_SIGN_IDENTITY[sdk=iphoneos*]" = "iPhone Developer";
				COMPRESS_PNG_FILES = NO;
				GCC_C_LANGUAGE_STANDARD = c99;
				GCC_DYNAMIC_NO_PIC = YES;
				GCC_GENERATE_DEBUGGING_SYMBOLS = NO;
				GCC_OPTIMIZATION_LEVEL = 3;
				GCC_SYMBOLS_PRIVATE_EXTERN = NO;
				GCC_THUMB_SUPPORT = NO;
				GCC_WARN_ABOUT_RETURN_TYPE = YES;
				GCC_WARN_UNUSED_VARIABLE = YES;
				IPHONEOS_DEPLOYMENT_TARGET = 3.1;
				ONLY_ACTIVE_ARCH = NO;
				SDKROOT = iphoneos;
				TARGETED_DEVICE_FAMILY = 1;
				WARNING_LDFLAGS = "-no_arch_warnings";
			};
			name = Release;
		};
/* End XCBuildConfiguration section */

/* Begin XCConfigurationList section */
		1D6058960D05DD3E006BFB54 /* Build configuration list for PBXNativeTarget "ofruby" */ = {
			isa = XCConfigurationList;
			buildConfigurations = (
				1D6058940D05DD3E006BFB54 /* Debug */,
				1D6058950D05DD3E006BFB54 /* Release */,
			);
			defaultConfigurationIsVisible = 0;
			defaultConfigurationName = Release;
		};
		C01FCF4E08A954540054247B /* Build configuration list for PBXProject "ofruby" */ = {
			isa = XCConfigurationList;
			buildConfigurations = (
				C01FCF4F08A954540054247B /* Debug */,
				C01FCF5008A954540054247B /* Release */,
			);
			defaultConfigurationIsVisible = 0;
			defaultConfigurationName = Release;
		};
/* End XCConfigurationList section */
	};
	rootObject = 29B97313FDCFA39411CA2CEA /* Project object */;
}
